<?xml version="1.0" encoding="utf-8"?>
<Project ToolsVersion="4.0" xmlns="http://schemas.microsoft.com/developer/msbuild/2003">
  <ItemGroup>
    <Filter Include="Source Files">
      <UniqueIdentifier>{1a8416af-1321-462c-aea6-1547f6f7ddb4}</UniqueIdentifier>
      <Extensions>cpp;c;cxx;rc;def;r;odl;idl;hpj;bat</Extensions>
    </Filter>
    <Filter Include="Header Files">
      <UniqueIdentifier>{f99f14c5-0c4b-4660-86f4-9495d819089b}</UniqueIdentifier>
      <Extensions>h;hpp;hxx;hm;inl</Extensions>
    </Filter>
    <Filter Include="Source Files\modules">
      <UniqueIdentifier>{391d5b63-e372-486d-9fd7-8976f665666c}</UniqueIdentifier>
    </Filter>
    <Filter Include="Header Files\modules">
      <UniqueIdentifier>{06fdbb05-0647-49b4-b967-aa6eb0a2b68a}</UniqueIdentifier>
    </Filter>
    <Filter Include="Header Files\share">
      <UniqueIdentifier>{52e7cd39-5e35-42d3-a99d-e85221e0d216}</UniqueIdentifier>
    </Filter>
    <Filter Include="Source Files\share">
      <UniqueIdentifier>{8ed7d5bd-bcb9-44cd-a3cf-4e6be3b39b9c}</UniqueIdentifier>
    </Filter>
    <Filter Include="Source Files\hub">
      <UniqueIdentifier>{8b57f712-feeb-44d5-b67b-7329f4c5d74d}</UniqueIdentifier>
    </Filter>
    <Filter Include="Source Files\queue">
      <UniqueIdentifier>{0d4f46b5-d2b3-4c9b-9997-7d9c4f744ee2}</UniqueIdentifier>
    </Filter>
    <Filter Include="Header Files\hub">
      <UniqueIdentifier>{76c9545f-03d4-4aff-a49d-d804c0162ec1}</UniqueIdentifier>
    </Filter>
    <Filter Include="Header Files\queue">
      <UniqueIdentifier>{cb28c3bb-ec62-409f-b728-fb86cc66fcc1}</UniqueIdentifier>
    </Filter>
    <Filter Include="Header Files\filelist">
      <UniqueIdentifier>{de960125-aec4-4817-b93c-adf1f7aced38}</UniqueIdentifier>
    </Filter>
    <Filter Include="Header Files\hash">
      <UniqueIdentifier>{1b1cd0f9-b1a3-49f4-adbe-d9806d971e90}</UniqueIdentifier>
    </Filter>
    <Filter Include="Source Files\hash">
      <UniqueIdentifier>{bb8c5af6-4e44-4902-b27c-c52130baf8e7}</UniqueIdentifier>
    </Filter>
    <Filter Include="Source Files\filelist">
      <UniqueIdentifier>{cabff32a-a347-4308-9d78-25ef8c1885d7}</UniqueIdentifier>
    </Filter>
    <Filter Include="Source Files\search">
      <UniqueIdentifier>{a8c91f11-f9b6-4497-823d-93b66fcdd583}</UniqueIdentifier>
    </Filter>
    <Filter Include="Header Files\search">
      <UniqueIdentifier>{f3278bf8-4a25-4d16-a698-dda468d5e236}</UniqueIdentifier>
    </Filter>
    <Filter Include="Source Files\transfer">
      <UniqueIdentifier>{24b8a662-2ff0-4b2d-9e14-87204639ca7e}</UniqueIdentifier>
    </Filter>
    <Filter Include="Header Files\transfer">
      <UniqueIdentifier>{9c9cfd59-c364-4af2-8fd2-e5937f48c3be}</UniqueIdentifier>
    </Filter>
    <Filter Include="Source Files\util">
      <UniqueIdentifier>{fbf2209e-553e-4ba6-b8df-04b68eda6b00}</UniqueIdentifier>
    </Filter>
    <Filter Include="Header Files\util">
      <UniqueIdentifier>{8efbdcb2-b6bb-4946-b182-da4030f212a3}</UniqueIdentifier>
    </Filter>
    <Filter Include="Header Files\favorites">
      <UniqueIdentifier>{242828a7-1d0f-4cf4-a515-f9f3c53c25df}</UniqueIdentifier>
    </Filter>
    <Filter Include="Source Files\favorites">
      <UniqueIdentifier>{d4f75934-6d6c-4fe8-bb71-7b57fa2c54a5}</UniqueIdentifier>
    </Filter>
    <Filter Include="Source Files\connectivity">
      <UniqueIdentifier>{1a4a5636-1bf2-4039-8095-b0644e1e5a7a}</UniqueIdentifier>
    </Filter>
    <Filter Include="Header Files\connectivity">
      <UniqueIdentifier>{05e94b2a-4f6a-48ce-936f-1e3ce597c631}</UniqueIdentifier>
    </Filter>
    <Filter Include="Header Files\connection">
      <UniqueIdentifier>{db94838f-1782-4938-a579-db4d8ea2ead2}</UniqueIdentifier>
    </Filter>
    <Filter Include="Source Files\connection">
      <UniqueIdentifier>{f5cd3a3f-3ff0-4da4-ad45-1eb766e26c22}</UniqueIdentifier>
    </Filter>
    <Filter Include="Source Files\connection\http">
      <UniqueIdentifier>{b92a08a7-e67e-425b-9f62-9244b6e64a2c}</UniqueIdentifier>
    </Filter>
    <Filter Include="Header Files\connection\http">
      <UniqueIdentifier>{8e8a51f8-1019-4835-b370-68a2d0f279d2}</UniqueIdentifier>
    </Filter>
    <Filter Include="Header Files\connection\socket">
      <UniqueIdentifier>{7d48af60-79ce-4518-9e26-d3b4f893b942}</UniqueIdentifier>
    </Filter>
    <Filter Include="Source Files\connection\socket">
      <UniqueIdentifier>{a719b85b-e0fe-4128-bbb6-92d25c13665e}</UniqueIdentifier>
    </Filter>
    <Filter Include="Source Files\settings">
      <UniqueIdentifier>{07382b35-2150-44a3-a705-444e04477cd5}</UniqueIdentifier>
    </Filter>
    <Filter Include="Header Files\settings">
      <UniqueIdentifier>{ef009883-4b86-4e22-a978-3897fdfb27c0}</UniqueIdentifier>
    </Filter>
    <Filter Include="Header Files\message">
      <UniqueIdentifier>{a405c651-de90-438a-b84f-9aed1a480c00}</UniqueIdentifier>
    </Filter>
    <Filter Include="Source Files\message">
      <UniqueIdentifier>{622eb479-c392-4c15-8a97-1fc8e38e9a58}</UniqueIdentifier>
    </Filter>
    <Filter Include="Header Files\user">
      <UniqueIdentifier>{7db4a7ad-fefd-4212-913c-a2669f06460f}</UniqueIdentifier>
    </Filter>
    <Filter Include="Source Files\user">
      <UniqueIdentifier>{77575de4-1fd3-46b4-ae6d-ab5f9ad73b82}</UniqueIdentifier>
    </Filter>
    <Filter Include="Source Files\util\text">
      <UniqueIdentifier>{271f8390-aae1-494c-9c24-429c0e9ca1d8}</UniqueIdentifier>
    </Filter>
    <Filter Include="Header Files\util\text">
      <UniqueIdentifier>{21c675fb-ba2a-42c7-9d2e-aaf10c3f82a1}</UniqueIdentifier>
    </Filter>
    <Filter Include="Header Files\private_chat">
      <UniqueIdentifier>{6c605bda-81da-45b5-9598-1c9d11424867}</UniqueIdentifier>
    </Filter>
    <Filter Include="Header Files\viewed_files">
      <UniqueIdentifier>{737ffd06-114f-4a10-9948-a54710d48a25}</UniqueIdentifier>
    </Filter>
    <Filter Include="Source Files\private_chat">
      <UniqueIdentifier>{cdf3ab9c-cef2-47b6-9683-af3c26501e9e}</UniqueIdentifier>
    </Filter>
    <Filter Include="Source Files\viewed_files">
      <UniqueIdentifier>{610895c8-401f-4eb4-9689-96d5036f1863}</UniqueIdentifier>
    </Filter>
    <Filter Include="Source Files\hash\value">
      <UniqueIdentifier>{e2899b71-2721-41ad-bae6-784b407afc74}</UniqueIdentifier>
    </Filter>
    <Filter Include="Header Files\hash\value">
      <UniqueIdentifier>{d5d1787c-1284-4cd1-a3d7-ad3b286e47be}</UniqueIdentifier>
    </Filter>
    <Filter Include="Header Files\user\ignore">
      <UniqueIdentifier>{a21f0f84-fdf1-4a39-83c0-d057769ef022}</UniqueIdentifier>
    </Filter>
    <Filter Include="Source Files\user\ignore">
      <UniqueIdentifier>{b9c17ea6-6623-422d-8675-7c184aeafefa}</UniqueIdentifier>
    </Filter>
    <Filter Include="Source Files\hub\user_command">
      <UniqueIdentifier>{224b1842-3a96-49ef-b223-f16189a969cf}</UniqueIdentifier>
    </Filter>
    <Filter Include="Header Files\hub\user_command">
      <UniqueIdentifier>{e3b853e4-e583-471d-acce-9047f4c29d6d}</UniqueIdentifier>
    </Filter>
    <Filter Include="Header Files\recents">
      <UniqueIdentifier>{bda99223-216c-4b22-87c4-8e83722c3dbd}</UniqueIdentifier>
    </Filter>
    <Filter Include="Source Files\recents">
      <UniqueIdentifier>{d20cc018-3484-434e-992a-8cd7f3f1dd19}</UniqueIdentifier>
    </Filter>
    <Filter Include="Header Files\events">
      <UniqueIdentifier>{bf31b2f0-1fa2-458f-8a0f-64351f01b55e}</UniqueIdentifier>
    </Filter>
    <Filter Include="Source Files\events">
      <UniqueIdentifier>{d32cba0f-ffd9-4c1d-aba5-b902344c9ed5}</UniqueIdentifier>
    </Filter>
    <Filter Include="Header Files\core">
      <UniqueIdentifier>{4426ab71-0d71-4410-8209-129251a3bd49}</UniqueIdentifier>
    </Filter>
    <Filter Include="Header Files\core\crypto">
      <UniqueIdentifier>{b40cc261-0174-4dc0-b9f3-2f1ad860a182}</UniqueIdentifier>
    </Filter>
    <Filter Include="Header Files\core\io">
      <UniqueIdentifier>{7df5e722-ee44-4ad7-9f63-12a3f322c86a}</UniqueIdentifier>
    </Filter>
    <Filter Include="Header Files\core\io\db">
      <UniqueIdentifier>{523bd438-5a9e-4bf3-8cc3-b86083b386f9}</UniqueIdentifier>
    </Filter>
    <Filter Include="Header Files\core\io\stream">
      <UniqueIdentifier>{77053cb2-f8ab-4cd7-b15b-9cb469bcef95}</UniqueIdentifier>
    </Filter>
    <Filter Include="Header Files\core\io\xml">
      <UniqueIdentifier>{65447249-dc0a-474a-ad6f-072d8d3cc5d5}</UniqueIdentifier>
    </Filter>
    <Filter Include="Header Files\core\io\compress">
      <UniqueIdentifier>{c80be2f2-8d22-4eff-8124-be381b57b673}</UniqueIdentifier>
    </Filter>
    <Filter Include="Header Files\core\localization">
      <UniqueIdentifier>{5701b590-fffc-4e19-8806-3b1a9808b94d}</UniqueIdentifier>
    </Filter>
    <Filter Include="Header Files\core\update">
      <UniqueIdentifier>{a0c945c3-32b1-47d4-9d1c-32f128cc90ad}</UniqueIdentifier>
    </Filter>
    <Filter Include="Source Files\core">
      <UniqueIdentifier>{232a50b8-04aa-4208-98cc-79fd14c3ffa2}</UniqueIdentifier>
    </Filter>
    <Filter Include="Source Files\core\update">
      <UniqueIdentifier>{f61010dc-2294-4df3-94e2-35d9dfe0d0d2}</UniqueIdentifier>
    </Filter>
    <Filter Include="Source Files\core\localization">
      <UniqueIdentifier>{3d79fb4c-65a6-4eb9-bf6b-4e34b49de880}</UniqueIdentifier>
    </Filter>
    <Filter Include="Source Files\core\crypto">
      <UniqueIdentifier>{dda854a9-ac72-4779-b23f-a7d0f6a7a369}</UniqueIdentifier>
    </Filter>
    <Filter Include="Source Files\core\io">
      <UniqueIdentifier>{482a1547-b8d9-4439-b00e-43001411006e}</UniqueIdentifier>
    </Filter>
    <Filter Include="Source Files\core\io\db">
      <UniqueIdentifier>{28abfe7d-9711-4bd8-b2c4-cbf2e42c4669}</UniqueIdentifier>
    </Filter>
    <Filter Include="Source Files\core\io\compress">
      <UniqueIdentifier>{3dad1ff1-e945-41cb-a702-bbcbd31995e5}</UniqueIdentifier>
    </Filter>
    <Filter Include="Source Files\core\io\stream">
      <UniqueIdentifier>{1312e047-05aa-4e95-b494-15e3c727a321}</UniqueIdentifier>
    </Filter>
    <Filter Include="Source Files\core\io\xml">
      <UniqueIdentifier>{9b2257a2-d74d-4914-9579-c5d417174d3c}</UniqueIdentifier>
    </Filter>
    <Filter Include="Source Files\core\geo">
      <UniqueIdentifier>{55220398-0891-4db3-8f8a-c62dc29e19ee}</UniqueIdentifier>
    </Filter>
    <Filter Include="Header Files\core\geo">
      <UniqueIdentifier>{43f34640-7d6c-46fb-9ab4-b821f46ab799}</UniqueIdentifier>
    </Filter>
    <Filter Include="Source Files\core\timer">
      <UniqueIdentifier>{0ecd04ee-4254-42e7-8fef-479d0beee1ac}</UniqueIdentifier>
    </Filter>
    <Filter Include="Header Files\core\timer">
      <UniqueIdentifier>{7fd022de-bcea-4c7c-8470-f17987a107b9}</UniqueIdentifier>
    </Filter>
    <Filter Include="Header Files\core\thread">
      <UniqueIdentifier>{25b3156d-3c9c-4acd-8395-8ab0e6c85aa2}</UniqueIdentifier>
    </Filter>
    <Filter Include="Source Files\core\thread">
      <UniqueIdentifier>{63db3144-5c17-4607-bf58-027a896dae8c}</UniqueIdentifier>
    </Filter>
    <Filter Include="Header Files\util\classes">
      <UniqueIdentifier>{c92e6428-b271-42eb-9e23-caa033be9039}</UniqueIdentifier>
    </Filter>
    <Filter Include="Header Files\util\types">
      <UniqueIdentifier>{2cd8d288-6be0-4d44-a7d3-31da3d704229}</UniqueIdentifier>
    </Filter>
    <Filter Include="Header Files\core\classes">
      <UniqueIdentifier>{43df8d60-4fb2-48c0-8193-2195ff6735b5}</UniqueIdentifier>
    </Filter>
    <Filter Include="Source Files\util\classes">
      <UniqueIdentifier>{d91c2a76-32ea-4c35-bbb9-b934ca4fc70c}</UniqueIdentifier>
    </Filter>
    <Filter Include="Header Files\protocol">
      <UniqueIdentifier>{a2b412b8-cdce-466d-9f67-32519fd957ae}</UniqueIdentifier>
    </Filter>
    <Filter Include="Source Files\protocol">
      <UniqueIdentifier>{09809477-c60f-43ea-b0e2-0d958c7d8b86}</UniqueIdentifier>
    </Filter>
    <Filter Include="Header Files\core\queue">
      <UniqueIdentifier>{3d33ff82-2613-4273-bc12-e4c6303ad95f}</UniqueIdentifier>
    </Filter>
    <Filter Include="Header Files\hub\activity">
      <UniqueIdentifier>{0a049e08-c86d-4233-8ec9-f5649b0a26f3}</UniqueIdentifier>
    </Filter>
    <Filter Include="Source Files\hub\activity">
      <UniqueIdentifier>{801bbe2d-f796-4fd2-8750-3352e2cb8f46}</UniqueIdentifier>
    </Filter>
    <Filter Include="Source Files\transfer\upload">
      <UniqueIdentifier>{49bfe988-b09b-4c52-93e5-f26909f3d2f7}</UniqueIdentifier>
    </Filter>
    <Filter Include="Source Files\transfer\download">
      <UniqueIdentifier>{934469d6-d201-4e0c-8ad3-2fa5db525b05}</UniqueIdentifier>
    </Filter>
    <Filter Include="Source Files\transfer\upload\upload_bundles">
      <UniqueIdentifier>{3f6f1ab4-d3c0-4b39-bd99-d69308bf7f1d}</UniqueIdentifier>
    </Filter>
    <Filter Include="Header Files\transfer\upload">
      <UniqueIdentifier>{d564716a-ca06-4cb9-9458-ad09fb7eb421}</UniqueIdentifier>
    </Filter>
    <Filter Include="Header Files\transfer\download">
      <UniqueIdentifier>{ad177e81-736f-46c0-9622-847f800aa3b8}</UniqueIdentifier>
    </Filter>
    <Filter Include="Header Files\transfer\upload\upload_bundles">
      <UniqueIdentifier>{f935d56f-b4a4-48c2-812e-945684bd1e16}</UniqueIdentifier>
    </Filter>
    <Filter Include="Header Files\share\temp_share">
      <UniqueIdentifier>{56d6a4c7-b8bc-45de-bb40-adccb024a164}</UniqueIdentifier>
    </Filter>
    <Filter Include="Header Files\share\profiles">
      <UniqueIdentifier>{ad6d8473-4170-46ae-8525-6e759b459158}</UniqueIdentifier>
    </Filter>
    <Filter Include="Source Files\share\profiles">
      <UniqueIdentifier>{98c23526-b509-4418-8a59-c44c235ff883}</UniqueIdentifier>
    </Filter>
    <Filter Include="Source Files\share\temp_share">
      <UniqueIdentifier>{977f9096-8989-4d93-bb65-f9be3eb54256}</UniqueIdentifier>
    </Filter>
    <Filter Include="Header Files\queue\partial_sharing">
      <UniqueIdentifier>{0f3c913e-7b84-4441-8db9-c1d7d524a774}</UniqueIdentifier>
    </Filter>
    <Filter Include="Source Files\queue\partial_sharing">
      <UniqueIdentifier>{4317a545-da88-4fe6-9229-01aa9828166c}</UniqueIdentifier>
    </Filter>
    <Filter Include="Header Files\connectivity\mappers">
      <UniqueIdentifier>{2ce9c6dd-2e98-4726-9d87-fff934c035e5}</UniqueIdentifier>
    </Filter>
    <Filter Include="Source Files\connectivity\mappers">
      <UniqueIdentifier>{036fb50e-bfee-49e9-b349-20096db7d62c}</UniqueIdentifier>
    </Filter>
    <Filter Include="Header Files\core\header">
      <UniqueIdentifier>{a8cec994-514e-45f4-a45d-7bc5054d234f}</UniqueIdentifier>
    </Filter>
    <Filter Include="Header Files\core\update\updater">
      <UniqueIdentifier>{3f6a0a1d-cf77-45d9-a5f5-f13fee83eb83}</UniqueIdentifier>
    </Filter>
    <Filter Include="Source Files\core\update\updater">
      <UniqueIdentifier>{f9b8e40b-c17c-4590-a1ea-54d0f2c71611}</UniqueIdentifier>
    </Filter>
    <Filter Include="scripts">
      <UniqueIdentifier>{4b4f03e4-f27a-4b80-95df-7067c26148ac}</UniqueIdentifier>
    </Filter>
  </ItemGroup>
  <ItemGroup>
    <ClCompile Include="airdcpp\DCPlusPlus.cpp">
      <Filter>Source Files</Filter>
    </ClCompile>
    <ClCompile Include="airdcpp\modules\AutoSearch.cpp">
      <Filter>Source Files\modules</Filter>
    </ClCompile>
    <ClCompile Include="airdcpp\modules\AutoSearchManager.cpp">
      <Filter>Source Files\modules</Filter>
    </ClCompile>
    <ClCompile Include="airdcpp\modules\HighlightManager.cpp">
      <Filter>Source Files\modules</Filter>
    </ClCompile>
    <ClCompile Include="airdcpp\modules\RSSManager.cpp">
      <Filter>Source Files\modules</Filter>
    </ClCompile>
    <ClCompile Include="airdcpp\modules\FinishedManager.cpp">
      <Filter>Source Files\modules</Filter>
    </ClCompile>
    <ClCompile Include="airdcpp\modules\ColorSettings.cpp">
      <Filter>Source Files\modules</Filter>
    </ClCompile>
    <ClCompile Include="airdcpp\modules\PreviewAppManager.cpp">
      <Filter>Source Files\modules</Filter>
    </ClCompile>
    <ClCompile Include="airdcpp\modules\HublistManager.cpp">
      <Filter>Source Files\modules</Filter>
    </ClCompile>
    <ClCompile Include="airdcpp\modules\ADLSearch.cpp">
      <Filter>Source Files\modules</Filter>
    </ClCompile>
    <ClCompile Include="airdcpp\share\ShareDirectory.cpp">
      <Filter>Source Files\share</Filter>
    </ClCompile>
    <ClCompile Include="airdcpp\share\ShareManager.cpp">
      <Filter>Source Files\share</Filter>
    </ClCompile>
    <ClCompile Include="airdcpp\share\SharePathValidator.cpp">
      <Filter>Source Files\share</Filter>
    </ClCompile>
    <ClCompile Include="airdcpp\share\ShareTasks.cpp">
      <Filter>Source Files\share</Filter>
    </ClCompile>
    <ClCompile Include="airdcpp\share\ShareTree.cpp">
      <Filter>Source Files\share</Filter>
    </ClCompile>
    <ClCompile Include="airdcpp\queue\BundleQueue.cpp">
      <Filter>Source Files\queue</Filter>
    </ClCompile>
    <ClCompile Include="airdcpp\queue\Bundle.cpp">
      <Filter>Source Files\queue</Filter>
    </ClCompile>
    <ClCompile Include="airdcpp\queue\QueueItem.cpp">
      <Filter>Source Files\queue</Filter>
    </ClCompile>
    <ClCompile Include="airdcpp\queue\QueueItemBase.cpp">
      <Filter>Source Files\queue</Filter>
    </ClCompile>
    <ClCompile Include="airdcpp\queue\QueueManager.cpp">
      <Filter>Source Files\queue</Filter>
    </ClCompile>
    <ClCompile Include="airdcpp\hub\AdcHub.cpp">
      <Filter>Source Files\hub</Filter>
    </ClCompile>
    <ClCompile Include="airdcpp\hub\Client.cpp">
      <Filter>Source Files\hub</Filter>
    </ClCompile>
    <ClCompile Include="airdcpp\hub\ClientManager.cpp">
      <Filter>Source Files\hub</Filter>
    </ClCompile>
    <ClCompile Include="airdcpp\hub\NmdcHub.cpp">
      <Filter>Source Files\hub</Filter>
    </ClCompile>
    <ClCompile Include="airdcpp\hash\Hasher.cpp">
      <Filter>Source Files\hash</Filter>
    </ClCompile>
    <ClCompile Include="airdcpp\hash\HashManager.cpp">
      <Filter>Source Files\hash</Filter>
    </ClCompile>
    <ClCompile Include="airdcpp\hash\HashStore.cpp">
      <Filter>Source Files\hash</Filter>
    </ClCompile>
    <ClCompile Include="airdcpp\filelist\DirectoryListing.cpp">
      <Filter>Source Files\filelist</Filter>
    </ClCompile>
    <ClCompile Include="airdcpp\filelist\DirectoryListingManager.cpp">
      <Filter>Source Files\filelist</Filter>
    </ClCompile>
    <ClCompile Include="airdcpp\search\SearchInstance.cpp">
      <Filter>Source Files\search</Filter>
    </ClCompile>
    <ClCompile Include="airdcpp\search\SearchManager.cpp">
      <Filter>Source Files\search</Filter>
    </ClCompile>
    <ClCompile Include="airdcpp\search\SearchQuery.cpp">
      <Filter>Source Files\search</Filter>
    </ClCompile>
    <ClCompile Include="airdcpp\search\SearchQueue.cpp">
      <Filter>Source Files\search</Filter>
    </ClCompile>
    <ClCompile Include="airdcpp\search\SearchResult.cpp">
      <Filter>Source Files\search</Filter>
    </ClCompile>
    <ClCompile Include="airdcpp\search\GroupedSearchResult.cpp">
      <Filter>Source Files\search</Filter>
    </ClCompile>
    <ClCompile Include="airdcpp\queue\FileQueue.cpp">
      <Filter>Source Files\queue</Filter>
    </ClCompile>
    <ClCompile Include="airdcpp\queue\UserQueue.cpp">
      <Filter>Source Files\queue</Filter>
    </ClCompile>
    <ClCompile Include="airdcpp\transfer\Transfer.cpp">
      <Filter>Source Files\transfer</Filter>
    </ClCompile>
    <ClCompile Include="airdcpp\transfer\TransferInfoManager.cpp">
      <Filter>Source Files\transfer</Filter>
    </ClCompile>
    <ClCompile Include="airdcpp\search\SearchTypes.cpp">
      <Filter>Source Files\search</Filter>
    </ClCompile>
    <ClCompile Include="airdcpp\util\AppUtil.cpp">
      <Filter>Source Files\util</Filter>
    </ClCompile>
    <ClCompile Include="airdcpp\util\AutoLimitUtil.cpp">
      <Filter>Source Files\util</Filter>
    </ClCompile>
    <ClCompile Include="airdcpp\util\DupeUtil.cpp">
      <Filter>Source Files\util</Filter>
    </ClCompile>
    <ClCompile Include="airdcpp\util\LinkUtil.cpp">
      <Filter>Source Files\util</Filter>
    </ClCompile>
    <ClCompile Include="airdcpp\util\PathUtil.cpp">
      <Filter>Source Files\util</Filter>
    </ClCompile>
    <ClCompile Include="airdcpp\util\NetworkUtil.cpp">
      <Filter>Source Files\util</Filter>
    </ClCompile>
    <ClCompile Include="airdcpp\util\SystemUtil.cpp">
      <Filter>Source Files\util</Filter>
    </ClCompile>
    <ClCompile Include="airdcpp\util\ValueGenerator.cpp">
      <Filter>Source Files\util</Filter>
    </ClCompile>
    <ClCompile Include="airdcpp\util\Util.cpp">
      <Filter>Source Files\util</Filter>
    </ClCompile>
    <ClCompile Include="airdcpp\util\RegexUtil.cpp">
      <Filter>Source Files\util</Filter>
    </ClCompile>
    <ClCompile Include="airdcpp\favorites\ReservedSlotManager.cpp">
      <Filter>Source Files\favorites</Filter>
    </ClCompile>
    <ClCompile Include="airdcpp\favorites\FavoriteUserManager.cpp">
      <Filter>Source Files\favorites</Filter>
    </ClCompile>
    <ClCompile Include="airdcpp\favorites\FavoriteManager.cpp">
      <Filter>Source Files\favorites</Filter>
    </ClCompile>
    <ClCompile Include="airdcpp\favorites\HubEntry.cpp">
      <Filter>Source Files\favorites</Filter>
    </ClCompile>
    <ClCompile Include="airdcpp\connectivity\ConnectivityManager.cpp">
      <Filter>Source Files\connectivity</Filter>
    </ClCompile>
    <ClCompile Include="airdcpp\connectivity\MappingManager.cpp">
      <Filter>Source Files\connectivity</Filter>
    </ClCompile>
    <ClCompile Include="airdcpp\connectivity\Mapper.cpp">
      <Filter>Source Files\connectivity</Filter>
    </ClCompile>
    <ClCompile Include="airdcpp\connection\ConnectionManager.cpp">
      <Filter>Source Files\connection</Filter>
    </ClCompile>
    <ClCompile Include="airdcpp\connection\UserConnection.cpp">
      <Filter>Source Files\connection</Filter>
    </ClCompile>
    <ClCompile Include="airdcpp\connection\http\HttpDownload.cpp">
      <Filter>Source Files\connection\http</Filter>
    </ClCompile>
    <ClCompile Include="airdcpp\connection\http\HttpConnection.cpp">
      <Filter>Source Files\connection\http</Filter>
    </ClCompile>
    <ClCompile Include="airdcpp\connection\socket\Socket.cpp">
      <Filter>Source Files\connection\socket</Filter>
    </ClCompile>
    <ClCompile Include="airdcpp\connection\socket\SSLSocket.cpp">
      <Filter>Source Files\connection\socket</Filter>
    </ClCompile>
    <ClCompile Include="airdcpp\connection\socket\BufferedSocket.cpp">
      <Filter>Source Files\connection\socket</Filter>
    </ClCompile>
    <ClCompile Include="airdcpp\settings\SettingsManager.cpp">
      <Filter>Source Files\settings</Filter>
    </ClCompile>
    <ClCompile Include="airdcpp\settings\SettingHolder.cpp">
      <Filter>Source Files\settings</Filter>
    </ClCompile>
    <ClCompile Include="airdcpp\settings\SettingItem.cpp">
      <Filter>Source Files\settings</Filter>
    </ClCompile>
    <ClCompile Include="airdcpp\settings\HubSettings.cpp">
      <Filter>Source Files\settings</Filter>
    </ClCompile>
    <ClCompile Include="airdcpp\core\io\File.cpp">
      <Filter>Source Files\core\io</Filter>
    </ClCompile>
    <ClCompile Include="airdcpp\core\io\FileReader.cpp">
      <Filter>Source Files\core\io</Filter>
    </ClCompile>
    <ClCompile Include="airdcpp\core\io\SFVReader.cpp">
      <Filter>Source Files\core\io</Filter>
    </ClCompile>
    <ClCompile Include="airdcpp\core\io\compress\BZUtils.cpp">
      <Filter>Source Files\core\io\compress</Filter>
    </ClCompile>
    <ClCompile Include="airdcpp\core\io\compress\ZipFile.cpp">
      <Filter>Source Files\core\io\compress</Filter>
    </ClCompile>
    <ClCompile Include="airdcpp\core\io\db\LevelDB.cpp">
      <Filter>Source Files\core\io\db</Filter>
    </ClCompile>
    <ClCompile Include="airdcpp\core\io\stream\SharedFileStream.cpp">
      <Filter>Source Files\core\io\stream</Filter>
    </ClCompile>
    <ClCompile Include="airdcpp\core\io\xml\SimpleXMLReader.cpp">
      <Filter>Source Files\core\io\xml</Filter>
    </ClCompile>
    <ClCompile Include="airdcpp\core\io\xml\SimpleXML.cpp">
      <Filter>Source Files\core\io\xml</Filter>
    </ClCompile>
    <ClCompile Include="airdcpp\message\MessageCache.cpp">
      <Filter>Source Files\message</Filter>
    </ClCompile>
    <ClCompile Include="airdcpp\message\MessageHighlight.cpp">
      <Filter>Source Files\message</Filter>
    </ClCompile>
    <ClCompile Include="airdcpp\message\Message.cpp">
      <Filter>Source Files\message</Filter>
    </ClCompile>
    <ClCompile Include="airdcpp\connection\ThrottleManager.cpp">
      <Filter>Source Files\connection</Filter>
    </ClCompile>
    <ClCompile Include="airdcpp\user\User.cpp">
      <Filter>Source Files\user</Filter>
    </ClCompile>
    <ClCompile Include="airdcpp\util\text\Text.cpp">
      <Filter>Source Files\util\text</Filter>
    </ClCompile>
    <ClCompile Include="airdcpp\util\text\StringSearch.cpp">
      <Filter>Source Files\util\text</Filter>
    </ClCompile>
    <ClCompile Include="airdcpp\util\text\StringMatch.cpp">
      <Filter>Source Files\util\text</Filter>
    </ClCompile>
    <ClCompile Include="airdcpp\util\text\DualString.cpp">
      <Filter>Source Files\util\text</Filter>
    </ClCompile>
    <ClCompile Include="airdcpp\user\CID.cpp">
      <Filter>Source Files\user</Filter>
    </ClCompile>
    <ClCompile Include="airdcpp\viewed_files\ViewFileManager.cpp">
      <Filter>Source Files\viewed_files</Filter>
    </ClCompile>
    <ClCompile Include="airdcpp\viewed_files\ViewFile.cpp">
      <Filter>Source Files\viewed_files</Filter>
    </ClCompile>
    <ClCompile Include="airdcpp\private_chat\PrivateChatManager.cpp">
      <Filter>Source Files\private_chat</Filter>
    </ClCompile>
    <ClCompile Include="airdcpp\private_chat\PrivateChat.cpp">
      <Filter>Source Files\private_chat</Filter>
    </ClCompile>
    <ClCompile Include="airdcpp\hash\value\HashBloom.cpp">
      <Filter>Source Files\hash\value</Filter>
    </ClCompile>
    <ClCompile Include="airdcpp\hash\value\TigerHash.cpp">
      <Filter>Source Files\hash\value</Filter>
    </ClCompile>
    <ClCompile Include="airdcpp\hash\value\Encoder.cpp">
      <Filter>Source Files\hash\value</Filter>
    </ClCompile>
    <ClCompile Include="airdcpp\user\ignore\IgnoreManager.cpp">
      <Filter>Source Files\user\ignore</Filter>
    </ClCompile>
    <ClCompile Include="airdcpp\hub\user_command\UserCommandManager.cpp">
      <Filter>Source Files\hub\user_command</Filter>
    </ClCompile>
    <ClCompile Include="airdcpp\hub\user_command\UserCommand.cpp">
      <Filter>Source Files\hub\user_command</Filter>
    </ClCompile>
    <ClCompile Include="airdcpp\core\crypto\CryptoManager.cpp">
      <Filter>Source Files\core\crypto</Filter>
    </ClCompile>
    <ClCompile Include="airdcpp\core\crypto\SSL.cpp">
      <Filter>Source Files\core\crypto</Filter>
    </ClCompile>
    <ClCompile Include="airdcpp\core\localization\ResourceManager.cpp">
      <Filter>Source Files\core\localization</Filter>
    </ClCompile>
    <ClCompile Include="airdcpp\core\localization\StringDefs.cpp">
      <Filter>Source Files\core\localization</Filter>
    </ClCompile>
    <ClCompile Include="airdcpp\core\localization\Localization.cpp">
      <Filter>Source Files\core\localization</Filter>
    </ClCompile>
    <ClCompile Include="airdcpp\core\update\UpdateManager.cpp">
      <Filter>Source Files\core\update</Filter>
    </ClCompile>
    <ClCompile Include="airdcpp\recents\RecentManager.cpp">
      <Filter>Source Files\recents</Filter>
    </ClCompile>
    <ClCompile Include="airdcpp\connection\UDPServer.cpp">
      <Filter>Source Files\connection</Filter>
    </ClCompile>
    <ClCompile Include="airdcpp\events\LogManager.cpp">
      <Filter>Source Files\events</Filter>
    </ClCompile>
    <ClCompile Include="airdcpp\core\geo\GeoManager.cpp">
      <Filter>Source Files\core\geo</Filter>
    </ClCompile>
    <ClCompile Include="airdcpp\core\geo\GeoIP.cpp">
      <Filter>Source Files\core\geo</Filter>
    </ClCompile>
    <ClCompile Include="airdcpp\core\timer\TimerManager.cpp">
      <Filter>Source Files\core\timer</Filter>
    </ClCompile>
    <ClCompile Include="airdcpp\core\thread\Thread.cpp">
      <Filter>Source Files\core\thread</Filter>
    </ClCompile>
    <ClCompile Include="airdcpp\core\thread\CriticalSection.cpp">
      <Filter>Source Files\core\thread</Filter>
    </ClCompile>
    <ClCompile Include="airdcpp\core\classes\ErrorCollector.cpp">
      <Filter>Source Files\util\classes</Filter>
    </ClCompile>
    <ClCompile Include="airdcpp\core\classes\FloodCounter.cpp">
      <Filter>Source Files\util\classes</Filter>
    </ClCompile>
    <ClCompile Include="airdcpp\core\classes\Magnet.cpp">
      <Filter>Source Files\util\classes</Filter>
    </ClCompile>
    <ClCompile Include="airdcpp\protocol\AdcCommand.cpp">
      <Filter>Source Files\protocol</Filter>
    </ClCompile>
    <ClCompile Include="airdcpp\hub\activity\ActivityManager.cpp">
      <Filter>Source Files\hub\activity</Filter>
    </ClCompile>
    <ClCompile Include="airdcpp\core\io\compress\ZUtils.cpp">
      <Filter>Source Files\core\io\compress</Filter>
    </ClCompile>
    <ClCompile Include="airdcpp\transfer\upload\upload_bundles\UploadBundleInfoSender.cpp">
      <Filter>Source Files\transfer\upload\upload_bundles</Filter>
    </ClCompile>
    <ClCompile Include="airdcpp\transfer\upload\upload_bundles\UploadBundle.cpp">
      <Filter>Source Files\transfer\upload\upload_bundles</Filter>
    </ClCompile>
    <ClCompile Include="airdcpp\transfer\upload\upload_bundles\UploadBundleInfoReceiver.cpp">
      <Filter>Source Files\transfer\upload\upload_bundles</Filter>
    </ClCompile>
    <ClCompile Include="airdcpp\transfer\download\TrackableDownloadItem.cpp">
      <Filter>Source Files\transfer\download</Filter>
    </ClCompile>
    <ClCompile Include="airdcpp\transfer\download\Download.cpp">
      <Filter>Source Files\transfer\download</Filter>
    </ClCompile>
    <ClCompile Include="airdcpp\transfer\download\DownloadManager.cpp">
      <Filter>Source Files\transfer\download</Filter>
    </ClCompile>
    <ClCompile Include="airdcpp\transfer\upload\UploadQueueManager.cpp">
      <Filter>Source Files\transfer\upload</Filter>
    </ClCompile>
    <ClCompile Include="airdcpp\transfer\upload\Upload.cpp">
      <Filter>Source Files\transfer\upload</Filter>
    </ClCompile>
    <ClCompile Include="airdcpp\transfer\upload\UploadFileParser.cpp">
      <Filter>Source Files\transfer\upload</Filter>
    </ClCompile>
    <ClCompile Include="airdcpp\transfer\upload\UploadManager.cpp">
      <Filter>Source Files\transfer\upload</Filter>
    </ClCompile>
    <ClCompile Include="airdcpp\share\profiles\ShareProfileManager.cpp">
      <Filter>Source Files\share\profiles</Filter>
    </ClCompile>
    <ClCompile Include="airdcpp\share\profiles\ShareProfile.cpp">
      <Filter>Source Files\share\profiles</Filter>
    </ClCompile>
    <ClCompile Include="airdcpp\share\temp_share\TempShareManager.cpp">
      <Filter>Source Files\share\temp_share</Filter>
    </ClCompile>
    <ClCompile Include="airdcpp\queue\partial_sharing\PartialSharingManager.cpp">
      <Filter>Source Files\queue\partial_sharing</Filter>
    </ClCompile>
    <ClCompile Include="airdcpp\queue\partial_sharing\PartialBundleSharingManager.cpp">
      <Filter>Source Files\queue\partial_sharing</Filter>
    </ClCompile>
    <ClCompile Include="airdcpp\queue\partial_sharing\PartialFileSharingManager.cpp">
      <Filter>Source Files\queue\partial_sharing</Filter>
    </ClCompile>
    <ClCompile Include="airdcpp\connectivity\mappers\Mapper_WinUPnP.cpp">
      <Filter>Source Files\connectivity\mappers</Filter>
    </ClCompile>
    <ClCompile Include="airdcpp\connectivity\mappers\Mapper_MiniUPnPc.cpp">
      <Filter>Source Files\connectivity\mappers</Filter>
    </ClCompile>
    <ClCompile Include="airdcpp\connectivity\mappers\Mapper_NATPMP.cpp">
      <Filter>Source Files\connectivity\mappers</Filter>
    </ClCompile>
    <ClCompile Include="airdcpp\stdinc.cpp">
      <Filter>Source Files</Filter>
    </ClCompile>
    <ClCompile Include="airdcpp\core\version.cpp">
      <Filter>Source Files\core</Filter>
    </ClCompile>
    <ClCompile Include="airdcpp\hub\HBRIValidation.cpp">
      <Filter>Source Files\hub</Filter>
    </ClCompile>
    <ClCompile Include="airdcpp\core\update\updater\Updater.cpp">
      <Filter>Source Files\core\update\updater</Filter>
    </ClCompile>
    <ClCompile Include="airdcpp\core\update\updater\UpdaterCreator.cpp">
      <Filter>Source Files\core\update\updater</Filter>
    </ClCompile>
    <ClCompile Include="airdcpp\core\update\UpdateDownloader.cpp">
      <Filter>Source Files\core\update</Filter>
    </ClCompile>
    <ClCompile Include="airdcpp\util\CryptoUtil.cpp">
      <Filter>Source Files\core\crypto</Filter>
    </ClCompile>
    <ClCompile Include="airdcpp\filelist\DirectoryListingDirectory.cpp">
      <Filter>Source Files\filelist</Filter>
    </ClCompile>
    <ClCompile Include="airdcpp\filelist\ListLoader.cpp">
      <Filter>Source Files\filelist</Filter>
    </ClCompile>
    <ClCompile Include="airdcpp\modules\DirectoryListingSearch.cpp">
      <Filter>Source Files\modules</Filter>
    </ClCompile>
    <ClCompile Include="airdcpp\modules\DirectSearch.cpp">
      <Filter>Source Files\modules</Filter>
    </ClCompile>
  </ItemGroup>
  <ItemGroup>
    <ClInclude Include="airdcpp\DCPlusPlus.h">
      <Filter>Header Files</Filter>
    </ClInclude>
    <ClInclude Include="airdcpp\forward.h">
      <Filter>Header Files</Filter>
    </ClInclude>
    <ClInclude Include="airdcpp\modules\AutoSearch.h">
      <Filter>Header Files\modules</Filter>
    </ClInclude>
    <ClInclude Include="airdcpp\modules\AutoSearchManager.h">
      <Filter>Header Files\modules</Filter>
    </ClInclude>
    <ClInclude Include="airdcpp\modules\AutoSearchManagerListener.h">
      <Filter>Header Files\modules</Filter>
    </ClInclude>
    <ClInclude Include="airdcpp\modules\HighlightManager.h">
      <Filter>Header Files\modules</Filter>
    </ClInclude>
    <ClInclude Include="airdcpp\modules\RSSManager.h">
      <Filter>Header Files\modules</Filter>
    </ClInclude>
    <ClInclude Include="airdcpp\modules\AutoSearchQueue.h">
      <Filter>Header Files\modules</Filter>
    </ClInclude>
    <ClInclude Include="airdcpp\modules\FinishedManager.h">
      <Filter>Header Files\modules</Filter>
    </ClInclude>
    <ClInclude Include="airdcpp\modules\FinishedManagerListener.h">
      <Filter>Header Files\modules</Filter>
    </ClInclude>
    <ClInclude Include="airdcpp\modules\ColorSettings.h">
      <Filter>Header Files\modules</Filter>
    </ClInclude>
    <ClInclude Include="airdcpp\modules\PreviewAppManager.h">
      <Filter>Header Files\modules</Filter>
    </ClInclude>
    <ClInclude Include="airdcpp\modules\HublistManager.h">
      <Filter>Header Files\modules</Filter>
    </ClInclude>
    <ClInclude Include="airdcpp\modules\HublistManagerListener.h">
      <Filter>Header Files\modules</Filter>
    </ClInclude>
    <ClInclude Include="airdcpp\modules\HublistEntry.h">
      <Filter>Header Files\modules</Filter>
    </ClInclude>
    <ClInclude Include="airdcpp\modules\ADLSearch.h">
      <Filter>Header Files\modules</Filter>
    </ClInclude>
    <ClInclude Include="airdcpp\share\ShareDirectory.h">
      <Filter>Header Files\share</Filter>
    </ClInclude>
    <ClInclude Include="airdcpp\share\ShareDirectoryInfo.h">
      <Filter>Header Files\share</Filter>
    </ClInclude>
    <ClInclude Include="airdcpp\share\ShareManager.h">
      <Filter>Header Files\share</Filter>
    </ClInclude>
    <ClInclude Include="airdcpp\share\ShareManagerListener.h">
      <Filter>Header Files\share</Filter>
    </ClInclude>
    <ClInclude Include="airdcpp\share\SharePathValidator.h">
      <Filter>Header Files\share</Filter>
    </ClInclude>
    <ClInclude Include="airdcpp\share\ShareRefreshInfo.h">
      <Filter>Header Files\share</Filter>
    </ClInclude>
    <ClInclude Include="airdcpp\share\ShareRefreshTask.h">
      <Filter>Header Files\share</Filter>
    </ClInclude>
    <ClInclude Include="airdcpp\share\ShareStats.h">
      <Filter>Header Files\share</Filter>
    </ClInclude>
    <ClInclude Include="airdcpp\share\ShareTasks.h">
      <Filter>Header Files\share</Filter>
    </ClInclude>
    <ClInclude Include="airdcpp\share\ShareTree.h">
      <Filter>Header Files\share</Filter>
    </ClInclude>
    <ClInclude Include="airdcpp\queue\Bundle.h">
      <Filter>Header Files\queue</Filter>
    </ClInclude>
    <ClInclude Include="airdcpp\queue\BundleQueue.h">
      <Filter>Header Files\queue</Filter>
    </ClInclude>
    <ClInclude Include="airdcpp\queue\QueueManagerListener.h">
      <Filter>Header Files\queue</Filter>
    </ClInclude>
    <ClInclude Include="airdcpp\queue\QueueManager.h">
      <Filter>Header Files\queue</Filter>
    </ClInclude>
    <ClInclude Include="airdcpp\queue\QueueItemBase.h">
      <Filter>Header Files\queue</Filter>
    </ClInclude>
    <ClInclude Include="airdcpp\queue\QueueItem.h">
      <Filter>Header Files\queue</Filter>
    </ClInclude>
    <ClInclude Include="airdcpp\queue\QueueAddInfo.h">
      <Filter>Header Files\queue</Filter>
    </ClInclude>
    <ClInclude Include="airdcpp\hub\AdcHub.h">
      <Filter>Header Files\hub</Filter>
    </ClInclude>
    <ClInclude Include="airdcpp\hub\ClientListener.h">
      <Filter>Header Files\hub</Filter>
    </ClInclude>
    <ClInclude Include="airdcpp\hub\Client.h">
      <Filter>Header Files\hub</Filter>
    </ClInclude>
    <ClInclude Include="airdcpp\hub\ClientManager.h">
      <Filter>Header Files\hub</Filter>
    </ClInclude>
    <ClInclude Include="airdcpp\hub\ClientManagerListener.h">
      <Filter>Header Files\hub</Filter>
    </ClInclude>
    <ClInclude Include="airdcpp\hub\NmdcHub.h">
      <Filter>Header Files\hub</Filter>
    </ClInclude>
    <ClInclude Include="airdcpp\filelist\DirectoryListingManagerListener.h">
      <Filter>Header Files\filelist</Filter>
    </ClInclude>
    <ClInclude Include="airdcpp\filelist\DirectoryListing.h">
      <Filter>Header Files\filelist</Filter>
    </ClInclude>
    <ClInclude Include="airdcpp\filelist\DirectoryListingListener.h">
      <Filter>Header Files\filelist</Filter>
    </ClInclude>
    <ClInclude Include="airdcpp\filelist\DirectoryListingManager.h">
      <Filter>Header Files\filelist</Filter>
    </ClInclude>
    <ClInclude Include="airdcpp\hash\HashedFile.h">
      <Filter>Header Files\hash</Filter>
    </ClInclude>
    <ClInclude Include="airdcpp\hash\Hasher.h">
      <Filter>Header Files\hash</Filter>
    </ClInclude>
    <ClInclude Include="airdcpp\hash\HashManager.h">
      <Filter>Header Files\hash</Filter>
    </ClInclude>
    <ClInclude Include="airdcpp\hash\HashManagerListener.h">
      <Filter>Header Files\hash</Filter>
    </ClInclude>
    <ClInclude Include="airdcpp\hash\HashStore.h">
      <Filter>Header Files\hash</Filter>
    </ClInclude>
    <ClInclude Include="airdcpp\search\SearchResult.h">
      <Filter>Header Files\search</Filter>
    </ClInclude>
    <ClInclude Include="airdcpp\search\Search.h">
      <Filter>Header Files\search</Filter>
    </ClInclude>
    <ClInclude Include="airdcpp\search\SearchInstance.h">
      <Filter>Header Files\search</Filter>
    </ClInclude>
    <ClInclude Include="airdcpp\search\SearchInstanceListener.h">
      <Filter>Header Files\search</Filter>
    </ClInclude>
    <ClInclude Include="airdcpp\search\SearchManager.h">
      <Filter>Header Files\search</Filter>
    </ClInclude>
    <ClInclude Include="airdcpp\search\SearchManagerListener.h">
      <Filter>Header Files\search</Filter>
    </ClInclude>
    <ClInclude Include="airdcpp\search\SearchQuery.h">
      <Filter>Header Files\search</Filter>
    </ClInclude>
    <ClInclude Include="airdcpp\search\SearchQueue.h">
      <Filter>Header Files\search</Filter>
    </ClInclude>
    <ClInclude Include="airdcpp\search\GroupedSearchResult.h">
      <Filter>Header Files\search</Filter>
    </ClInclude>
    <ClInclude Include="airdcpp\queue\FileQueue.h">
      <Filter>Header Files\queue</Filter>
    </ClInclude>
    <ClInclude Include="airdcpp\queue\UserQueue.h">
      <Filter>Header Files\queue</Filter>
    </ClInclude>
    <ClInclude Include="airdcpp\transfer\TransferInfoManager.h">
      <Filter>Header Files\transfer</Filter>
    </ClInclude>
    <ClInclude Include="airdcpp\transfer\TransferInfo.h">
      <Filter>Header Files\transfer</Filter>
    </ClInclude>
    <ClInclude Include="airdcpp\transfer\Transfer.h">
      <Filter>Header Files\transfer</Filter>
    </ClInclude>
    <ClInclude Include="airdcpp\search\RelevanceSearch.h">
      <Filter>Header Files\search</Filter>
    </ClInclude>
    <ClInclude Include="airdcpp\hash\HasherManager.h">
      <Filter>Header Files\hash</Filter>
    </ClInclude>
    <ClInclude Include="airdcpp\hash\HasherStats.h">
      <Filter>Header Files\hash</Filter>
    </ClInclude>
    <ClInclude Include="airdcpp\search\SearchTypes.h">
      <Filter>Header Files\search</Filter>
    </ClInclude>
    <ClInclude Include="airdcpp\util\AutoLimitUtil.h">
      <Filter>Header Files\util</Filter>
    </ClInclude>
    <ClInclude Include="airdcpp\util\AppUtil.h">
      <Filter>Header Files\util</Filter>
    </ClInclude>
    <ClInclude Include="airdcpp\util\ValueGenerator.h">
      <Filter>Header Files\util</Filter>
    </ClInclude>
    <ClInclude Include="airdcpp\util\SystemUtil.h">
      <Filter>Header Files\util</Filter>
    </ClInclude>
    <ClInclude Include="airdcpp\util\NetworkUtil.h">
      <Filter>Header Files\util</Filter>
    </ClInclude>
    <ClInclude Include="airdcpp\util\LinkUtil.h">
      <Filter>Header Files\util</Filter>
    </ClInclude>
    <ClInclude Include="airdcpp\util\DupeUtil.h">
      <Filter>Header Files\util</Filter>
    </ClInclude>
    <ClInclude Include="airdcpp\util\Util.h">
      <Filter>Header Files\util</Filter>
    </ClInclude>
    <ClInclude Include="airdcpp\util\PathUtil.h">
      <Filter>Header Files\util</Filter>
    </ClInclude>
    <ClInclude Include="airdcpp\util\RegexUtil.h">
      <Filter>Header Files\util</Filter>
    </ClInclude>
    <ClInclude Include="airdcpp\favorites\ReservedSlotManager.h">
      <Filter>Header Files\favorites</Filter>
    </ClInclude>
    <ClInclude Include="airdcpp\favorites\FavHubGroup.h">
      <Filter>Header Files\favorites</Filter>
    </ClInclude>
    <ClInclude Include="airdcpp\favorites\FavoriteManager.h">
      <Filter>Header Files\favorites</Filter>
    </ClInclude>
    <ClInclude Include="airdcpp\favorites\FavoriteManagerListener.h">
      <Filter>Header Files\favorites</Filter>
    </ClInclude>
    <ClInclude Include="airdcpp\favorites\FavoriteUser.h">
      <Filter>Header Files\favorites</Filter>
    </ClInclude>
    <ClInclude Include="airdcpp\favorites\FavoriteUserManager.h">
      <Filter>Header Files\favorites</Filter>
    </ClInclude>
    <ClInclude Include="airdcpp\favorites\FavoriteUserManagerListener.h">
      <Filter>Header Files\favorites</Filter>
    </ClInclude>
    <ClInclude Include="airdcpp\favorites\HubEntry.h">
      <Filter>Header Files\favorites</Filter>
    </ClInclude>
    <ClInclude Include="airdcpp\queue\QueueDownloadInfo.h">
      <Filter>Header Files\queue</Filter>
    </ClInclude>
    <ClInclude Include="airdcpp\connectivity\ConnectivityManager.h">
      <Filter>Header Files\connectivity</Filter>
    </ClInclude>
    <ClInclude Include="airdcpp\connectivity\Mapper.h">
      <Filter>Header Files\connectivity</Filter>
    </ClInclude>
    <ClInclude Include="airdcpp\connectivity\MappingManager.h">
      <Filter>Header Files\connectivity</Filter>
    </ClInclude>
    <ClInclude Include="airdcpp\connection\ConnectionType.h">
      <Filter>Header Files\connection</Filter>
    </ClInclude>
    <ClInclude Include="airdcpp\connection\ConnectionManager.h">
      <Filter>Header Files\connection</Filter>
    </ClInclude>
    <ClInclude Include="airdcpp\connection\ConnectionManagerListener.h">
      <Filter>Header Files\connection</Filter>
    </ClInclude>
    <ClInclude Include="airdcpp\connection\UserConnectionListener.h">
      <Filter>Header Files\connection</Filter>
    </ClInclude>
    <ClInclude Include="airdcpp\connection\UserConnection.h">
      <Filter>Header Files\connection</Filter>
    </ClInclude>
    <ClInclude Include="airdcpp\connection\http\HttpConnection.h">
      <Filter>Header Files\connection\http</Filter>
    </ClInclude>
    <ClInclude Include="airdcpp\connection\http\HttpConnectionListener.h">
      <Filter>Header Files\connection\http</Filter>
    </ClInclude>
    <ClInclude Include="airdcpp\connection\http\HttpDownload.h">
      <Filter>Header Files\connection\http</Filter>
    </ClInclude>
    <ClInclude Include="airdcpp\connection\socket\BufferedSocketListener.h">
      <Filter>Header Files\connection\socket</Filter>
    </ClInclude>
    <ClInclude Include="airdcpp\connection\socket\BufferedSocket.h">
      <Filter>Header Files\connection\socket</Filter>
    </ClInclude>
    <ClInclude Include="airdcpp\connection\socket\Socket.h">
      <Filter>Header Files\connection\socket</Filter>
    </ClInclude>
    <ClInclude Include="airdcpp\connection\socket\SSLSocket.h">
      <Filter>Header Files\connection\socket</Filter>
    </ClInclude>
    <ClInclude Include="airdcpp\settings\SettingHolder.h">
      <Filter>Header Files\settings</Filter>
    </ClInclude>
    <ClInclude Include="airdcpp\settings\SettingItem.h">
      <Filter>Header Files\settings</Filter>
    </ClInclude>
    <ClInclude Include="airdcpp\settings\SettingsManager.h">
      <Filter>Header Files\settings</Filter>
    </ClInclude>
    <ClInclude Include="airdcpp\settings\SettingsManagerListener.h">
      <Filter>Header Files\settings</Filter>
    </ClInclude>
    <ClInclude Include="airdcpp\settings\HubSettings.h">
      <Filter>Header Files\settings</Filter>
    </ClInclude>
    <ClInclude Include="airdcpp\core\io\File.h">
      <Filter>Header Files\core\io</Filter>
    </ClInclude>
    <ClInclude Include="airdcpp\core\io\FileReader.h">
      <Filter>Header Files\core\io</Filter>
    </ClInclude>
    <ClInclude Include="airdcpp\core\io\SFVReader.h">
      <Filter>Header Files\core\io</Filter>
    </ClInclude>
    <ClInclude Include="airdcpp\core\io\db\LevelDB.h">
      <Filter>Header Files\core\io\db</Filter>
    </ClInclude>
    <ClInclude Include="airdcpp\core\io\db\DbHandler.h">
      <Filter>Header Files\core\io\db</Filter>
    </ClInclude>
    <ClInclude Include="airdcpp\core\io\stream\Streams.h">
      <Filter>Header Files\core\io\stream</Filter>
    </ClInclude>
    <ClInclude Include="airdcpp\core\io\stream\StreamBase.h">
      <Filter>Header Files\core\io\stream</Filter>
    </ClInclude>
    <ClInclude Include="airdcpp\core\io\stream\SharedFileStream.h">
      <Filter>Header Files\core\io\stream</Filter>
    </ClInclude>
    <ClInclude Include="airdcpp\core\io\stream\FilteredFile.h">
      <Filter>Header Files\core\io\stream</Filter>
    </ClInclude>
    <ClInclude Include="airdcpp\core\io\xml\SimpleXMLReader.h">
      <Filter>Header Files\core\io\xml</Filter>
    </ClInclude>
    <ClInclude Include="airdcpp\core\io\xml\SimpleXML.h">
      <Filter>Header Files\core\io\xml</Filter>
    </ClInclude>
    <ClInclude Include="airdcpp\core\io\compress\ZipFile.h">
      <Filter>Header Files\core\io\compress</Filter>
    </ClInclude>
    <ClInclude Include="airdcpp\core\io\compress\BZUtils.h">
      <Filter>Header Files\core\io\compress</Filter>
    </ClInclude>
    <ClInclude Include="airdcpp\message\MessageCache.h">
      <Filter>Header Files\message</Filter>
    </ClInclude>
    <ClInclude Include="airdcpp\message\MessageHighlight.h">
      <Filter>Header Files\message</Filter>
    </ClInclude>
    <ClInclude Include="airdcpp\message\Message.h">
      <Filter>Header Files\message</Filter>
    </ClInclude>
    <ClInclude Include="airdcpp\connection\ThrottleManager.h">
      <Filter>Header Files\connection</Filter>
    </ClInclude>
    <ClInclude Include="airdcpp\user\HintedUser.h">
      <Filter>Header Files\user</Filter>
    </ClInclude>
    <ClInclude Include="airdcpp\user\OnlineUser.h">
      <Filter>Header Files\user</Filter>
    </ClInclude>
    <ClInclude Include="airdcpp\user\OfflineUser.h">
      <Filter>Header Files\user</Filter>
    </ClInclude>
    <ClInclude Include="airdcpp\user\User.h">
      <Filter>Header Files\user</Filter>
    </ClInclude>
    <ClInclude Include="airdcpp\util\text\Text.h">
      <Filter>Header Files\util\text</Filter>
    </ClInclude>
    <ClInclude Include="airdcpp\util\text\StringTokenizer.h">
      <Filter>Header Files\util\text</Filter>
    </ClInclude>
    <ClInclude Include="airdcpp\util\text\StringSearch.h">
      <Filter>Header Files\util\text</Filter>
    </ClInclude>
    <ClInclude Include="airdcpp\util\text\StringMatch.h">
      <Filter>Header Files\util\text</Filter>
    </ClInclude>
    <ClInclude Include="airdcpp\util\text\DualString.h">
      <Filter>Header Files\util\text</Filter>
    </ClInclude>
    <ClInclude Include="airdcpp\user\CID.h">
      <Filter>Header Files\user</Filter>
    </ClInclude>
    <ClInclude Include="airdcpp\user\UserInfoBase.h">
      <Filter>Header Files\user</Filter>
    </ClInclude>
    <ClInclude Include="airdcpp\viewed_files\ViewFileManagerListener.h">
      <Filter>Header Files\viewed_files</Filter>
    </ClInclude>
    <ClInclude Include="airdcpp\viewed_files\ViewFile.h">
      <Filter>Header Files\viewed_files</Filter>
    </ClInclude>
    <ClInclude Include="airdcpp\viewed_files\ViewFileManager.h">
      <Filter>Header Files\viewed_files</Filter>
    </ClInclude>
    <ClInclude Include="airdcpp\private_chat\PrivateChat.h">
      <Filter>Header Files\private_chat</Filter>
    </ClInclude>
    <ClInclude Include="airdcpp\private_chat\PrivateChatListener.h">
      <Filter>Header Files\private_chat</Filter>
    </ClInclude>
    <ClInclude Include="airdcpp\private_chat\PrivateChatManager.h">
      <Filter>Header Files\private_chat</Filter>
    </ClInclude>
    <ClInclude Include="airdcpp\private_chat\PrivateChatManagerListener.h">
      <Filter>Header Files\private_chat</Filter>
    </ClInclude>
    <ClInclude Include="airdcpp\hash\value\Encoder.h">
      <Filter>Header Files\hash\value</Filter>
    </ClInclude>
    <ClInclude Include="airdcpp\hash\value\HashValue.h">
      <Filter>Header Files\hash\value</Filter>
    </ClInclude>
    <ClInclude Include="airdcpp\hash\value\HashCalc.h">
      <Filter>Header Files\hash\value</Filter>
    </ClInclude>
    <ClInclude Include="airdcpp\hash\value\HashBloom.h">
      <Filter>Header Files\hash\value</Filter>
    </ClInclude>
    <ClInclude Include="airdcpp\hash\value\MerkleTree.h">
      <Filter>Header Files\hash\value</Filter>
    </ClInclude>
    <ClInclude Include="airdcpp\hash\value\MerkleCheckOutputStream.h">
      <Filter>Header Files\hash\value</Filter>
    </ClInclude>
    <ClInclude Include="airdcpp\hash\value\MerkleTreeOutputStream.h">
      <Filter>Header Files\hash\value</Filter>
    </ClInclude>
    <ClInclude Include="airdcpp\hash\value\TigerHash.h">
      <Filter>Header Files\hash\value</Filter>
    </ClInclude>
    <ClInclude Include="airdcpp\user\ignore\IgnoreManagerListener.h">
      <Filter>Header Files\user\ignore</Filter>
    </ClInclude>
    <ClInclude Include="airdcpp\user\ignore\IgnoreManager.h">
      <Filter>Header Files\user\ignore</Filter>
    </ClInclude>
    <ClInclude Include="airdcpp\hub\user_command\UserCommandManager.h">
      <Filter>Header Files\hub\user_command</Filter>
    </ClInclude>
    <ClInclude Include="airdcpp\hub\user_command\UserCommand.h">
      <Filter>Header Files\hub\user_command</Filter>
    </ClInclude>
    <ClInclude Include="airdcpp\connection\socket\AddressInfo.h">
      <Filter>Header Files\connection\socket</Filter>
    </ClInclude>
    <ClInclude Include="airdcpp\core\crypto\CryptoManager.h">
      <Filter>Header Files\core\crypto</Filter>
    </ClInclude>
    <ClInclude Include="airdcpp\core\crypto\SSL.h">
      <Filter>Header Files\core\crypto</Filter>
    </ClInclude>
    <ClInclude Include="airdcpp\core\crypto\pubkey.h">
      <Filter>Header Files\core\crypto</Filter>
    </ClInclude>
    <ClInclude Include="airdcpp\core\localization\Localization.h">
      <Filter>Header Files\core\localization</Filter>
    </ClInclude>
    <ClInclude Include="airdcpp\core\localization\ResourceManager.h">
      <Filter>Header Files\core\localization</Filter>
    </ClInclude>
    <ClInclude Include="airdcpp\core\update\UpdateManagerListener.h">
      <Filter>Header Files\core\update</Filter>
    </ClInclude>
    <ClInclude Include="airdcpp\core\update\UpdateManager.h">
      <Filter>Header Files\core\update</Filter>
    </ClInclude>
    <ClInclude Include="airdcpp\filelist\DirectoryDownload.h">
      <Filter>Header Files\filelist</Filter>
    </ClInclude>
    <ClInclude Include="airdcpp\recents\RecentEntry.h">
      <Filter>Header Files\recents</Filter>
    </ClInclude>
    <ClInclude Include="airdcpp\recents\RecentManager.h">
      <Filter>Header Files\recents</Filter>
    </ClInclude>
    <ClInclude Include="airdcpp\recents\RecentManagerListener.h">
      <Filter>Header Files\recents</Filter>
    </ClInclude>
    <ClInclude Include="airdcpp\connection\UDPServer.h">
      <Filter>Header Files\connection</Filter>
    </ClInclude>
    <ClInclude Include="airdcpp\events\LogManagerListener.h">
      <Filter>Header Files\events</Filter>
    </ClInclude>
    <ClInclude Include="airdcpp\events\LogManager.h">
      <Filter>Header Files\events</Filter>
    </ClInclude>
    <ClInclude Include="airdcpp\core\geo\GeoIP.h">
      <Filter>Header Files\core\geo</Filter>
    </ClInclude>
    <ClInclude Include="airdcpp\core\geo\GeoManager.h">
      <Filter>Header Files\core\geo</Filter>
    </ClInclude>
    <ClInclude Include="airdcpp\core\timer\TimerManagerListener.h">
      <Filter>Header Files\core\timer</Filter>
    </ClInclude>
    <ClInclude Include="airdcpp\core\timer\TimerManager.h">
      <Filter>Header Files\core\timer</Filter>
    </ClInclude>
    <ClInclude Include="airdcpp\core\thread\CriticalSection.h">
      <Filter>Header Files\core\thread</Filter>
    </ClInclude>
    <ClInclude Include="airdcpp\core\thread\concurrency.h">
      <Filter>Header Files\core\thread</Filter>
    </ClInclude>
    <ClInclude Include="airdcpp\core\thread\Thread.h">
      <Filter>Header Files\core\thread</Filter>
    </ClInclude>
    <ClInclude Include="airdcpp\core\thread\Semaphore.h">
      <Filter>Header Files\core\thread</Filter>
    </ClInclude>
    <ClInclude Include="airdcpp\core\classes\BloomFilter.h">
      <Filter>Header Files\util\classes</Filter>
    </ClInclude>
    <ClInclude Include="airdcpp\core\classes\ErrorCollector.h">
      <Filter>Header Files\util\classes</Filter>
    </ClInclude>
    <ClInclude Include="airdcpp\core\classes\FloodCounter.h">
      <Filter>Header Files\util\classes</Filter>
    </ClInclude>
    <ClInclude Include="airdcpp\core\classes\Magnet.h">
      <Filter>Header Files\util\classes</Filter>
    </ClInclude>
    <ClInclude Include="airdcpp\core\types\DupeType.h">
      <Filter>Header Files\util\types</Filter>
    </ClInclude>
    <ClInclude Include="airdcpp\core\types\DirectoryContentInfo.h">
      <Filter>Header Files\util\types</Filter>
    </ClInclude>
    <ClInclude Include="airdcpp\core\types\Priority.h">
      <Filter>Header Files\util\types</Filter>
    </ClInclude>
    <ClInclude Include="airdcpp\core\types\GetSet.h">
      <Filter>Header Files\util\types</Filter>
    </ClInclude>
    <ClInclude Include="airdcpp\core\classes\Segment.h">
      <Filter>Header Files\util\classes</Filter>
    </ClInclude>
    <ClInclude Include="airdcpp\core\classes\Flags.h">
      <Filter>Header Files\util\classes</Filter>
    </ClInclude>
    <ClInclude Include="airdcpp\core\classes\tribool.h">
      <Filter>Header Files\core\classes</Filter>
    </ClInclude>
    <ClInclude Include="airdcpp\core\classes\SortedVector.h">
      <Filter>Header Files\core\classes</Filter>
    </ClInclude>
    <ClInclude Include="airdcpp\core\classes\ScopedFunctor.h">
      <Filter>Header Files\core\classes</Filter>
    </ClInclude>
    <ClInclude Include="airdcpp\core\classes\Pointer.h">
      <Filter>Header Files\core\classes</Filter>
    </ClInclude>
    <ClInclude Include="airdcpp\core\classes\FastAlloc.h">
      <Filter>Header Files\core\classes</Filter>
    </ClInclude>
    <ClInclude Include="airdcpp\core\classes\Exception.h">
      <Filter>Header Files\core\classes</Filter>
    </ClInclude>
    <ClInclude Include="airdcpp\core\Speaker.h">
      <Filter>Header Files\core</Filter>
    </ClInclude>
    <ClInclude Include="airdcpp\core\Singleton.h">
      <Filter>Header Files\core</Filter>
    </ClInclude>
    <ClInclude Include="airdcpp\core\ActionHook.h">
      <Filter>Header Files\core</Filter>
    </ClInclude>
    <ClInclude Include="airdcpp\protocol\AdcCommand.h">
      <Filter>Header Files\protocol</Filter>
    </ClInclude>
    <ClInclude Include="airdcpp\protocol\AdcSupports.h">
      <Filter>Header Files\protocol</Filter>
    </ClInclude>
    <ClInclude Include="airdcpp\protocol\ProtocolCommandManager.h">
      <Filter>Header Files\protocol</Filter>
    </ClInclude>
    <ClInclude Include="airdcpp\core\queue\DispatcherQueue.h">
      <Filter>Header Files\core\queue</Filter>
    </ClInclude>
    <ClInclude Include="airdcpp\core\queue\DelayedEvents.h">
      <Filter>Header Files\core\queue</Filter>
    </ClInclude>
    <ClInclude Include="airdcpp\core\queue\TaskQueue.h">
      <Filter>Header Files\core\queue</Filter>
    </ClInclude>
    <ClInclude Include="airdcpp\core\queue\Task.h">
      <Filter>Header Files\core\queue</Filter>
    </ClInclude>
    <ClInclude Include="airdcpp\util\classes\PrioritySearchQueue.h">
      <Filter>Header Files\util\classes</Filter>
    </ClInclude>
    <ClInclude Include="airdcpp\hub\activity\ActivityManager.h">
      <Filter>Header Files\hub\activity</Filter>
    </ClInclude>
    <ClInclude Include="airdcpp\core\io\compress\ZUtils.h">
      <Filter>Header Files\core\io\compress</Filter>
    </ClInclude>
    <ClInclude Include="airdcpp\share\UploadFileProvider.h">
      <Filter>Header Files\share</Filter>
    </ClInclude>
    <ClInclude Include="airdcpp\share\ShareSearchInfo.h">
      <Filter>Header Files\share</Filter>
    </ClInclude>
    <ClInclude Include="airdcpp\transfer\upload\upload_bundles\UploadBundleManager.h">
      <Filter>Header Files\transfer\upload\upload_bundles</Filter>
    </ClInclude>
    <ClInclude Include="airdcpp\transfer\upload\upload_bundles\UploadBundle.h">
      <Filter>Header Files\transfer\upload\upload_bundles</Filter>
    </ClInclude>
    <ClInclude Include="airdcpp\transfer\upload\upload_bundles\UploadBundleInfo.h">
      <Filter>Header Files\transfer\upload\upload_bundles</Filter>
    </ClInclude>
    <ClInclude Include="airdcpp\transfer\upload\upload_bundles\UploadBundleInfoReceiver.h">
      <Filter>Header Files\transfer\upload\upload_bundles</Filter>
    </ClInclude>
    <ClInclude Include="airdcpp\transfer\upload\upload_bundles\UploadBundleInfoReceiverListener.h">
      <Filter>Header Files\transfer\upload\upload_bundles</Filter>
    </ClInclude>
    <ClInclude Include="airdcpp\transfer\upload\upload_bundles\UploadBundleInfoSender.h">
      <Filter>Header Files\transfer\upload\upload_bundles</Filter>
    </ClInclude>
    <ClInclude Include="airdcpp\transfer\download\TrackableDownloadItem.h">
      <Filter>Header Files\transfer\download</Filter>
    </ClInclude>
    <ClInclude Include="airdcpp\transfer\download\Download.h">
      <Filter>Header Files\transfer\download</Filter>
    </ClInclude>
    <ClInclude Include="airdcpp\transfer\download\DownloadManager.h">
      <Filter>Header Files\transfer\download</Filter>
    </ClInclude>
    <ClInclude Include="airdcpp\transfer\download\DownloadManagerListener.h">
      <Filter>Header Files\transfer\download</Filter>
    </ClInclude>
    <ClInclude Include="airdcpp\transfer\upload\UploadSlot.h">
      <Filter>Header Files\transfer\upload</Filter>
    </ClInclude>
    <ClInclude Include="airdcpp\transfer\upload\Upload.h">
      <Filter>Header Files\transfer\upload</Filter>
    </ClInclude>
    <ClInclude Include="airdcpp\transfer\upload\UploadFileParser.h">
      <Filter>Header Files\transfer\upload</Filter>
    </ClInclude>
    <ClInclude Include="airdcpp\transfer\upload\UploadManager.h">
      <Filter>Header Files\transfer\upload</Filter>
    </ClInclude>
    <ClInclude Include="airdcpp\transfer\upload\UploadManagerListener.h">
      <Filter>Header Files\transfer\upload</Filter>
    </ClInclude>
    <ClInclude Include="airdcpp\transfer\upload\UploadQueueManager.h">
      <Filter>Header Files\transfer\upload</Filter>
    </ClInclude>
    <ClInclude Include="airdcpp\transfer\upload\UploadQueueManagerListener.h">
      <Filter>Header Files\transfer\upload</Filter>
    </ClInclude>
    <ClInclude Include="airdcpp\transfer\upload\UploadRequest.h">
      <Filter>Header Files\transfer\upload</Filter>
    </ClInclude>
    <ClInclude Include="airdcpp\share\profiles\ShareProfileManagerListener.h">
      <Filter>Header Files\share\profiles</Filter>
    </ClInclude>
    <ClInclude Include="airdcpp\share\profiles\ShareProfile.h">
      <Filter>Header Files\share\profiles</Filter>
    </ClInclude>
    <ClInclude Include="airdcpp\share\profiles\ShareProfileManager.h">
      <Filter>Header Files\share\profiles</Filter>
    </ClInclude>
    <ClInclude Include="airdcpp\share\temp_share\TempShareManagerListener.h">
      <Filter>Header Files\share\temp_share</Filter>
    </ClInclude>
    <ClInclude Include="airdcpp\share\temp_share\TempShareItem.h">
      <Filter>Header Files\share\temp_share</Filter>
    </ClInclude>
    <ClInclude Include="airdcpp\share\temp_share\TempShareManager.h">
      <Filter>Header Files\share\temp_share</Filter>
    </ClInclude>
    <ClInclude Include="airdcpp\queue\partial_sharing\PartialSharingManager.h">
      <Filter>Header Files\queue\partial_sharing</Filter>
    </ClInclude>
    <ClInclude Include="airdcpp\queue\partial_sharing\PartialBundleSharingManager.h">
      <Filter>Header Files\queue\partial_sharing</Filter>
    </ClInclude>
    <ClInclude Include="airdcpp\queue\partial_sharing\PartialFileSharingManager.h">
      <Filter>Header Files\queue\partial_sharing</Filter>
    </ClInclude>
    <ClInclude Include="airdcpp\connectivity\mappers\Mapper_WinUPnP.h">
      <Filter>Header Files\connectivity\mappers</Filter>
    </ClInclude>
    <ClInclude Include="airdcpp\connectivity\mappers\Mapper_MiniUPnPc.h">
      <Filter>Header Files\connectivity\mappers</Filter>
    </ClInclude>
    <ClInclude Include="airdcpp\connectivity\mappers\Mapper_NATPMP.h">
      <Filter>Header Files\connectivity\mappers</Filter>
    </ClInclude>
    <ClInclude Include="airdcpp\core\version.h">
      <Filter>Header Files\core</Filter>
    </ClInclude>
    <ClInclude Include="airdcpp\stdinc.h">
      <Filter>Header Files</Filter>
    </ClInclude>
    <ClInclude Include="airdcpp\core\header\compiler.h">
      <Filter>Header Files\core\header</Filter>
    </ClInclude>
    <ClInclude Include="airdcpp\core\header\constants.h">
      <Filter>Header Files\core\header</Filter>
    </ClInclude>
    <ClInclude Include="airdcpp\core\header\debug.h">
      <Filter>Header Files\core\header</Filter>
    </ClInclude>
    <ClInclude Include="airdcpp\core\header\format.h">
      <Filter>Header Files\core\header</Filter>
    </ClInclude>
    <ClInclude Include="airdcpp\core\header\typedefs.h">
      <Filter>Header Files\core\header</Filter>
    </ClInclude>
    <ClInclude Include="airdcpp\core\header\w.h">
      <Filter>Header Files\core\header</Filter>
    </ClInclude>
    <ClInclude Include="airdcpp\transfer\TransferInfoManagerListener.h">
      <Filter>Header Files\transfer</Filter>
    </ClInclude>
    <ClInclude Include="airdcpp\core\classes\StartupParams.h">
      <Filter>Header Files\core\classes</Filter>
    </ClInclude>
    <ClInclude Include="airdcpp\hub\HBRIValidation.h">
      <Filter>Header Files\hub</Filter>
    </ClInclude>
    <ClInclude Include="airdcpp\core\update\UpdateDownloader.h">
      <Filter>Header Files\core\update</Filter>
    </ClInclude>
    <ClInclude Include="airdcpp\core\update\UpdateConstants.h">
      <Filter>Header Files\core\update</Filter>
    </ClInclude>
    <ClInclude Include="airdcpp\util\CryptoUtil.h">
      <Filter>Header Files\util</Filter>
    </ClInclude>
    <ClInclude Include="airdcpp\filelist\DirectoryListingDirectory.h">
      <Filter>Header Files\filelist</Filter>
    </ClInclude>
    <ClInclude Include="airdcpp\filelist\ListLoader.h">
      <Filter>Header Files\filelist</Filter>
    </ClInclude>
    <ClInclude Include="airdcpp\modules\DirectoryListingSearch.h">
      <Filter>Header Files\modules</Filter>
    </ClInclude>
    <ClInclude Include="airdcpp\modules\DirectSearch.h">
      <Filter>Header Files\modules</Filter>
    </ClInclude>
    <ClInclude Include="airdcpp\core\update\updater\Updater.h">
      <Filter>Header Files\core\update\updater</Filter>
    </ClInclude>
    <ClInclude Include="airdcpp\core\update\updater\UpdaterCreator.h">
      <Filter>Header Files\core\update\updater</Filter>
    </ClInclude>
    <ClInclude Include="airdcpp\core\update\UpdateVersion.h">
      <Filter>Header Files\core\update</Filter>
    </ClInclude>
  </ItemGroup>
  <ItemGroup>
    <None Include="cpp.hint" />
    <None Include="scripts\generate_stringdefs.py">
      <Filter>scripts</Filter>
    </None>
    <None Include="scripts\update_languages.py">
      <Filter>scripts</Filter>
    </None>
  </ItemGroup>
  <ItemGroup>
    <CustomBuild Include="airdcpp\core\localization\StringDefs.h">
      <Filter>Header Files\core\localization</Filter>
    </CustomBuild>
  </ItemGroup>
</Project>