<?xml version="1.0" encoding="utf-8"?>
<Project ToolsVersion="4.0" xmlns="http://schemas.microsoft.com/developer/msbuild/2003">
  <ItemGroup>
    <Filter Include="Source Files">
      <UniqueIdentifier>{1a8416af-1321-462c-aea6-1547f6f7ddb4}</UniqueIdentifier>
      <Extensions>cpp;c;cxx;rc;def;r;odl;idl;hpj;bat</Extensions>
    </Filter>
    <Filter Include="Header Files">
      <UniqueIdentifier>{f99f14c5-0c4b-4660-86f4-9495d819089b}</UniqueIdentifier>
      <Extensions>h;hpp;hxx;hm;inl</Extensions>
    </Filter>
    <Filter Include="Source Files\modules">
      <UniqueIdentifier>{391d5b63-e372-486d-9fd7-8976f665666c}</UniqueIdentifier>
    </Filter>
    <Filter Include="Header Files\modules">
      <UniqueIdentifier>{06fdbb05-0647-49b4-b967-aa6eb0a2b68a}</UniqueIdentifier>
    </Filter>
    <Filter Include="Header Files\share">
      <UniqueIdentifier>{52e7cd39-5e35-42d3-a99d-e85221e0d216}</UniqueIdentifier>
    </Filter>
    <Filter Include="Source Files\share">
      <UniqueIdentifier>{8ed7d5bd-bcb9-44cd-a3cf-4e6be3b39b9c}</UniqueIdentifier>
    </Filter>
    <Filter Include="Source Files\hub">
      <UniqueIdentifier>{8b57f712-feeb-44d5-b67b-7329f4c5d74d}</UniqueIdentifier>
    </Filter>
    <Filter Include="Source Files\queue">
      <UniqueIdentifier>{0d4f46b5-d2b3-4c9b-9997-7d9c4f744ee2}</UniqueIdentifier>
    </Filter>
    <Filter Include="Header Files\hub">
      <UniqueIdentifier>{76c9545f-03d4-4aff-a49d-d804c0162ec1}</UniqueIdentifier>
    </Filter>
    <Filter Include="Header Files\queue">
      <UniqueIdentifier>{cb28c3bb-ec62-409f-b728-fb86cc66fcc1}</UniqueIdentifier>
    </Filter>
    <Filter Include="Header Files\filelist">
      <UniqueIdentifier>{de960125-aec4-4817-b93c-adf1f7aced38}</UniqueIdentifier>
    </Filter>
    <Filter Include="Header Files\hash">
      <UniqueIdentifier>{1b1cd0f9-b1a3-49f4-adbe-d9806d971e90}</UniqueIdentifier>
    </Filter>
    <Filter Include="Source Files\hash">
      <UniqueIdentifier>{bb8c5af6-4e44-4902-b27c-c52130baf8e7}</UniqueIdentifier>
    </Filter>
    <Filter Include="Source Files\filelist">
      <UniqueIdentifier>{cabff32a-a347-4308-9d78-25ef8c1885d7}</UniqueIdentifier>
    </Filter>
    <Filter Include="Source Files\search">
      <UniqueIdentifier>{a8c91f11-f9b6-4497-823d-93b66fcdd583}</UniqueIdentifier>
    </Filter>
    <Filter Include="Header Files\search">
      <UniqueIdentifier>{f3278bf8-4a25-4d16-a698-dda468d5e236}</UniqueIdentifier>
    </Filter>
    <Filter Include="Source Files\transfer">
      <UniqueIdentifier>{24b8a662-2ff0-4b2d-9e14-87204639ca7e}</UniqueIdentifier>
    </Filter>
    <Filter Include="Header Files\transfer">
      <UniqueIdentifier>{9c9cfd59-c364-4af2-8fd2-e5937f48c3be}</UniqueIdentifier>
    </Filter>
    <Filter Include="Source Files\util">
      <UniqueIdentifier>{fbf2209e-553e-4ba6-b8df-04b68eda6b00}</UniqueIdentifier>
    </Filter>
    <Filter Include="Header Files\util">
      <UniqueIdentifier>{8efbdcb2-b6bb-4946-b182-da4030f212a3}</UniqueIdentifier>
    </Filter>
    <Filter Include="Header Files\favorites">
      <UniqueIdentifier>{242828a7-1d0f-4cf4-a515-f9f3c53c25df}</UniqueIdentifier>
    </Filter>
    <Filter Include="Source Files\favorites">
      <UniqueIdentifier>{d4f75934-6d6c-4fe8-bb71-7b57fa2c54a5}</UniqueIdentifier>
    </Filter>
  </ItemGroup>
  <ItemGroup>
    <ClCompile Include="airdcpp\AdcCommand.cpp">
      <Filter>Source Files</Filter>
    </ClCompile>
    <ClCompile Include="airdcpp\BufferedSocket.cpp">
      <Filter>Source Files</Filter>
    </ClCompile>
    <ClCompile Include="airdcpp\BZUtils.cpp">
      <Filter>Source Files</Filter>
    </ClCompile>
    <ClCompile Include="airdcpp\ConnectionManager.cpp">
      <Filter>Source Files</Filter>
    </ClCompile>
    <ClCompile Include="airdcpp\CryptoManager.cpp">
      <Filter>Source Files</Filter>
    </ClCompile>
    <ClCompile Include="airdcpp\DCPlusPlus.cpp">
      <Filter>Source Files</Filter>
    </ClCompile>
    <ClCompile Include="airdcpp\Encoder.cpp">
      <Filter>Source Files</Filter>
    </ClCompile>
    <ClCompile Include="airdcpp\File.cpp">
      <Filter>Source Files</Filter>
    </ClCompile>
    <ClCompile Include="airdcpp\HashBloom.cpp">
      <Filter>Source Files</Filter>
    </ClCompile>
    <ClCompile Include="airdcpp\ResourceManager.cpp">
      <Filter>Source Files</Filter>
    </ClCompile>
    <ClCompile Include="airdcpp\SettingsManager.cpp">
      <Filter>Source Files</Filter>
    </ClCompile>
    <ClCompile Include="airdcpp\SimpleXML.cpp">
      <Filter>Source Files</Filter>
    </ClCompile>
    <ClCompile Include="airdcpp\SimpleXMLReader.cpp">
      <Filter>Source Files</Filter>
    </ClCompile>
    <ClCompile Include="airdcpp\Socket.cpp">
      <Filter>Source Files</Filter>
    </ClCompile>
    <ClCompile Include="airdcpp\SSL.cpp">
      <Filter>Source Files</Filter>
    </ClCompile>
    <ClCompile Include="airdcpp\SSLSocket.cpp">
      <Filter>Source Files</Filter>
    </ClCompile>
    <ClCompile Include="airdcpp\stdinc.cpp">
      <Filter>Source Files</Filter>
    </ClCompile>
    <ClCompile Include="airdcpp\StringDefs.cpp">
      <Filter>Source Files</Filter>
    </ClCompile>
    <ClCompile Include="airdcpp\Text.cpp">
      <Filter>Source Files</Filter>
    </ClCompile>
    <ClCompile Include="airdcpp\Thread.cpp">
      <Filter>Source Files</Filter>
    </ClCompile>
    <ClCompile Include="airdcpp\TigerHash.cpp">
      <Filter>Source Files</Filter>
    </ClCompile>
    <ClCompile Include="airdcpp\TimerManager.cpp">
      <Filter>Source Files</Filter>
    </ClCompile>
    <ClCompile Include="airdcpp\User.cpp">
      <Filter>Source Files</Filter>
    </ClCompile>
    <ClCompile Include="airdcpp\UserCommand.cpp">
      <Filter>Source Files</Filter>
    </ClCompile>
    <ClCompile Include="airdcpp\UserConnection.cpp">
      <Filter>Source Files</Filter>
    </ClCompile>
    <ClCompile Include="airdcpp\ConnectivityManager.cpp">
      <Filter>Source Files</Filter>
    </ClCompile>
    <ClCompile Include="airdcpp\SFVReader.cpp">
      <Filter>Source Files</Filter>
    </ClCompile>
    <ClCompile Include="airdcpp\SharedFileStream.cpp">
      <Filter>Source Files</Filter>
    </ClCompile>
    <ClCompile Include="airdcpp\Mapper.cpp">
      <Filter>Source Files</Filter>
    </ClCompile>
    <ClCompile Include="airdcpp\MappingManager.cpp">
      <Filter>Source Files</Filter>
    </ClCompile>
    <ClCompile Include="airdcpp\CID.cpp">
      <Filter>Source Files</Filter>
    </ClCompile>
    <ClCompile Include="airdcpp\FileReader.cpp">
      <Filter>Source Files</Filter>
    </ClCompile>
    <ClCompile Include="airdcpp\Mapper_MiniUPnPc.cpp">
      <Filter>Source Files</Filter>
    </ClCompile>
    <ClCompile Include="airdcpp\Mapper_NATPMP.cpp">
      <Filter>Source Files</Filter>
    </ClCompile>
    <ClCompile Include="airdcpp\Mapper_WinUPnP.cpp">
      <Filter>Source Files</Filter>
    </ClCompile>
    <ClCompile Include="airdcpp\GeoManager.cpp">
      <Filter>Source Files</Filter>
    </ClCompile>
    <ClCompile Include="airdcpp\HttpDownload.cpp">
      <Filter>Source Files</Filter>
    </ClCompile>
    <ClCompile Include="airdcpp\HttpConnection.cpp">
      <Filter>Source Files</Filter>
    </ClCompile>
    <ClCompile Include="airdcpp\LogManager.cpp">
      <Filter>Source Files</Filter>
    </ClCompile>
    <ClCompile Include="airdcpp\GeoIP.cpp">
      <Filter>Source Files</Filter>
    </ClCompile>
    <ClCompile Include="airdcpp\Magnet.cpp">
      <Filter>Source Files</Filter>
    </ClCompile>
    <ClCompile Include="airdcpp\Localization.cpp">
      <Filter>Source Files</Filter>
    </ClCompile>
    <ClCompile Include="airdcpp\StringMatch.cpp">
      <Filter>Source Files</Filter>
    </ClCompile>
    <ClCompile Include="airdcpp\UpdateManager.cpp">
      <Filter>Source Files</Filter>
    </ClCompile>
    <ClCompile Include="airdcpp\ZipFile.cpp">
      <Filter>Source Files</Filter>
    </ClCompile>
    <ClCompile Include="airdcpp\Updater.cpp">
      <Filter>Source Files</Filter>
    </ClCompile>
    <ClCompile Include="airdcpp\ThrottleManager.cpp">
      <Filter>Source Files</Filter>
    </ClCompile>
    <ClCompile Include="airdcpp\UDPServer.cpp">
      <Filter>Source Files</Filter>
    </ClCompile>
    <ClCompile Include="airdcpp\HubSettings.cpp">
      <Filter>Source Files</Filter>
    </ClCompile>
    <ClCompile Include="airdcpp\StringSearch.cpp">
      <Filter>Source Files</Filter>
    </ClCompile>
    <ClCompile Include="airdcpp\LevelDB.cpp">
      <Filter>Source Files</Filter>
    </ClCompile>
    <ClCompile Include="airdcpp\SettingItem.cpp">
      <Filter>Source Files</Filter>
    </ClCompile>
    <ClCompile Include="airdcpp\DualString.cpp">
      <Filter>Source Files</Filter>
    </ClCompile>
    <ClCompile Include="airdcpp\SettingHolder.cpp">
      <Filter>Source Files</Filter>
    </ClCompile>
    <ClCompile Include="airdcpp\CriticalSection.cpp">
      <Filter>Source Files</Filter>
    </ClCompile>
    <ClCompile Include="airdcpp\version.cpp">
      <Filter>Source Files</Filter>
    </ClCompile>
    <ClCompile Include="airdcpp\PrivateChat.cpp">
      <Filter>Source Files</Filter>
    </ClCompile>
    <ClCompile Include="airdcpp\Message.cpp">
      <Filter>Source Files</Filter>
    </ClCompile>
    <ClCompile Include="airdcpp\MessageCache.cpp">
      <Filter>Source Files</Filter>
    </ClCompile>
    <ClCompile Include="airdcpp\ViewFileManager.cpp">
      <Filter>Source Files</Filter>
    </ClCompile>
    <ClCompile Include="airdcpp\ViewFile.cpp">
      <Filter>Source Files</Filter>
    </ClCompile>
    <ClCompile Include="airdcpp\ActivityManager.cpp">
      <Filter>Source Files</Filter>
    </ClCompile>
    <ClCompile Include="airdcpp\modules\AutoSearch.cpp">
      <Filter>Source Files\modules</Filter>
    </ClCompile>
    <ClCompile Include="airdcpp\modules\AutoSearchManager.cpp">
      <Filter>Source Files\modules</Filter>
    </ClCompile>
    <ClCompile Include="airdcpp\modules\HighlightManager.cpp">
      <Filter>Source Files\modules</Filter>
    </ClCompile>
    <ClCompile Include="airdcpp\modules\RSSManager.cpp">
      <Filter>Source Files\modules</Filter>
    </ClCompile>
    <ClCompile Include="airdcpp\modules\FinishedManager.cpp">
      <Filter>Source Files\modules</Filter>
    </ClCompile>
    <ClCompile Include="airdcpp\modules\ColorSettings.cpp">
      <Filter>Source Files\modules</Filter>
    </ClCompile>
    <ClCompile Include="airdcpp\modules\PreviewAppManager.cpp">
      <Filter>Source Files\modules</Filter>
    </ClCompile>
    <ClCompile Include="airdcpp\modules\HublistManager.cpp">
      <Filter>Source Files\modules</Filter>
    </ClCompile>
    <ClCompile Include="airdcpp\RecentManager.cpp">
      <Filter>Source Files</Filter>
    </ClCompile>
    <ClCompile Include="airdcpp\IgnoreManager.cpp">
      <Filter>Source Files</Filter>
    </ClCompile>
    <ClCompile Include="airdcpp\PrivateChatManager.cpp">
      <Filter>Source Files</Filter>
    </ClCompile>
    <ClCompile Include="airdcpp\ErrorCollector.cpp">
      <Filter>Source Files</Filter>
    </ClCompile>
    <ClCompile Include="airdcpp\MessageHighlight.cpp">
      <Filter>Source Files</Filter>
    </ClCompile>
    <ClCompile Include="airdcpp\modules\ADLSearch.cpp">
      <Filter>Source Files\modules</Filter>
    </ClCompile>
    <ClCompile Include="airdcpp\FloodCounter.cpp">
      <Filter>Source Files</Filter>
    </ClCompile>
    <ClCompile Include="airdcpp\ShareDirectory.cpp">
      <Filter>Source Files\share</Filter>
    </ClCompile>
    <ClCompile Include="airdcpp\ShareManager.cpp">
      <Filter>Source Files\share</Filter>
    </ClCompile>
    <ClCompile Include="airdcpp\SharePathValidator.cpp">
      <Filter>Source Files\share</Filter>
    </ClCompile>
    <ClCompile Include="airdcpp\ShareProfile.cpp">
      <Filter>Source Files\share</Filter>
    </ClCompile>
    <ClCompile Include="airdcpp\ShareTasks.cpp">
      <Filter>Source Files\share</Filter>
    </ClCompile>
    <ClCompile Include="airdcpp\ShareTree.cpp">
      <Filter>Source Files\share</Filter>
    </ClCompile>
    <ClCompile Include="airdcpp\TempShareManager.cpp">
      <Filter>Source Files\share</Filter>
    </ClCompile>
    <ClCompile Include="airdcpp\BundleQueue.cpp">
      <Filter>Source Files\queue</Filter>
    </ClCompile>
    <ClCompile Include="airdcpp\Bundle.cpp">
      <Filter>Source Files\queue</Filter>
    </ClCompile>
    <ClCompile Include="airdcpp\QueueItem.cpp">
      <Filter>Source Files\queue</Filter>
    </ClCompile>
    <ClCompile Include="airdcpp\QueueItemBase.cpp">
      <Filter>Source Files\queue</Filter>
    </ClCompile>
    <ClCompile Include="airdcpp\QueueManager.cpp">
      <Filter>Source Files\queue</Filter>
    </ClCompile>
    <ClCompile Include="airdcpp\AdcHub.cpp">
      <Filter>Source Files\hub</Filter>
    </ClCompile>
    <ClCompile Include="airdcpp\Client.cpp">
      <Filter>Source Files\hub</Filter>
    </ClCompile>
    <ClCompile Include="airdcpp\ClientManager.cpp">
      <Filter>Source Files\hub</Filter>
    </ClCompile>
    <ClCompile Include="airdcpp\NmdcHub.cpp">
      <Filter>Source Files\hub</Filter>
    </ClCompile>
    <ClCompile Include="airdcpp\Hasher.cpp">
      <Filter>Source Files\hash</Filter>
    </ClCompile>
    <ClCompile Include="airdcpp\HashManager.cpp">
      <Filter>Source Files\hash</Filter>
    </ClCompile>
    <ClCompile Include="airdcpp\HashStore.cpp">
      <Filter>Source Files\hash</Filter>
    </ClCompile>
    <ClCompile Include="airdcpp\DirectoryListing.cpp">
      <Filter>Source Files\filelist</Filter>
    </ClCompile>
    <ClCompile Include="airdcpp\DirectoryListingManager.cpp">
      <Filter>Source Files\filelist</Filter>
    </ClCompile>
    <ClCompile Include="airdcpp\SearchInstance.cpp">
      <Filter>Source Files\search</Filter>
    </ClCompile>
    <ClCompile Include="airdcpp\SearchManager.cpp">
      <Filter>Source Files\search</Filter>
    </ClCompile>
    <ClCompile Include="airdcpp\SearchQuery.cpp">
      <Filter>Source Files\search</Filter>
    </ClCompile>
    <ClCompile Include="airdcpp\SearchQueue.cpp">
      <Filter>Source Files\search</Filter>
    </ClCompile>
    <ClCompile Include="airdcpp\SearchResult.cpp">
      <Filter>Source Files\search</Filter>
    </ClCompile>
    <ClCompile Include="airdcpp\GroupedSearchResult.cpp">
      <Filter>Source Files\search</Filter>
    </ClCompile>
    <ClCompile Include="airdcpp\FileQueue.cpp">
      <Filter>Source Files\queue</Filter>
    </ClCompile>
    <ClCompile Include="airdcpp\DirectSearch.cpp">
      <Filter>Source Files\search</Filter>
    </ClCompile>
    <ClCompile Include="airdcpp\UserQueue.cpp">
      <Filter>Source Files\queue</Filter>
    </ClCompile>
    <ClCompile Include="airdcpp\Download.cpp">
      <Filter>Source Files\transfer</Filter>
    </ClCompile>
    <ClCompile Include="airdcpp\DownloadManager.cpp">
      <Filter>Source Files\transfer</Filter>
    </ClCompile>
    <ClCompile Include="airdcpp\UploadManager.cpp">
      <Filter>Source Files\transfer</Filter>
    </ClCompile>
    <ClCompile Include="airdcpp\UploadBundle.cpp">
      <Filter>Source Files\transfer</Filter>
    </ClCompile>
    <ClCompile Include="airdcpp\Upload.cpp">
      <Filter>Source Files\transfer</Filter>
    </ClCompile>
    <ClCompile Include="airdcpp\Transfer.cpp">
      <Filter>Source Files\transfer</Filter>
    </ClCompile>
    <ClCompile Include="airdcpp\TransferInfoManager.cpp">
      <Filter>Source Files\transfer</Filter>
    </ClCompile>
    <ClCompile Include="airdcpp\TrackableDownloadItem.cpp">
      <Filter>Source Files\transfer</Filter>
    </ClCompile>
    <ClCompile Include="airdcpp\PartialBundleSharingManager.cpp">
      <Filter>Source Files\queue</Filter>
    </ClCompile>
    <ClCompile Include="airdcpp\PartialFileSharingManager.cpp">
      <Filter>Source Files\queue</Filter>
    </ClCompile>
    <ClCompile Include="airdcpp\SearchTypes.cpp">
      <Filter>Source Files\search</Filter>
    </ClCompile>
    <ClCompile Include="airdcpp\UploadBundleInfoSender.cpp">
      <Filter>Source Files\transfer</Filter>
    </ClCompile>
    <ClCompile Include="airdcpp\AppUtil.cpp">
      <Filter>Source Files\util</Filter>
    </ClCompile>
    <ClCompile Include="airdcpp\AirUtil.cpp">
      <Filter>Source Files\util</Filter>
    </ClCompile>
    <ClCompile Include="airdcpp\DupeUtil.cpp">
      <Filter>Source Files\util</Filter>
    </ClCompile>
    <ClCompile Include="airdcpp\LinkUtil.cpp">
      <Filter>Source Files\util</Filter>
    </ClCompile>
    <ClCompile Include="airdcpp\PathUtil.cpp">
      <Filter>Source Files\util</Filter>
    </ClCompile>
    <ClCompile Include="airdcpp\NetworkUtil.cpp">
      <Filter>Source Files\util</Filter>
    </ClCompile>
    <ClCompile Include="airdcpp\SystemUtil.cpp">
      <Filter>Source Files\util</Filter>
    </ClCompile>
    <ClCompile Include="airdcpp\ValueGenerator.cpp">
      <Filter>Source Files\util</Filter>
    </ClCompile>
    <ClCompile Include="airdcpp\ZUtils.cpp">
      <Filter>Source Files\util</Filter>
    </ClCompile>
    <ClCompile Include="airdcpp\Util.cpp">
      <Filter>Source Files\util</Filter>
    </ClCompile>
    <ClCompile Include="airdcpp\RegexUtil.cpp">
      <Filter>Source Files\util</Filter>
    </ClCompile>
    <ClCompile Include="airdcpp\UploadBundleInfoReceiver.cpp">
      <Filter>Source Files\transfer</Filter>
    </ClCompile>
    <ClCompile Include="airdcpp\UploadQueueManager.cpp">
      <Filter>Source Files\transfer</Filter>
    </ClCompile>
    <ClCompile Include="airdcpp\UserCommandManager.cpp">
      <Filter>Source Files</Filter>
    </ClCompile>
    <ClCompile Include="airdcpp\ReservedSlotManager.cpp">
      <Filter>Source Files\favorites</Filter>
    </ClCompile>
    <ClCompile Include="airdcpp\FavoriteUserManager.cpp">
      <Filter>Source Files\favorites</Filter>
    </ClCompile>
    <ClCompile Include="airdcpp\FavoriteManager.cpp">
      <Filter>Source Files\favorites</Filter>
    </ClCompile>
    <ClCompile Include="airdcpp\HubEntry.cpp">
      <Filter>Source Files\favorites</Filter>
    </ClCompile>
  </ItemGroup>
  <ItemGroup>
    <ClInclude Include="airdcpp\AdcCommand.h">
      <Filter>Header Files</Filter>
    </ClInclude>
    <ClInclude Include="airdcpp\BloomFilter.h">
      <Filter>Header Files</Filter>
    </ClInclude>
    <ClInclude Include="airdcpp\BufferedSocket.h">
      <Filter>Header Files</Filter>
    </ClInclude>
    <ClInclude Include="airdcpp\BufferedSocketListener.h">
      <Filter>Header Files</Filter>
    </ClInclude>
    <ClInclude Include="airdcpp\BZUtils.h">
      <Filter>Header Files</Filter>
    </ClInclude>
    <ClInclude Include="airdcpp\CID.h">
      <Filter>Header Files</Filter>
    </ClInclude>
    <ClInclude Include="airdcpp\ConnectionManager.h">
      <Filter>Header Files</Filter>
    </ClInclude>
    <ClInclude Include="airdcpp\ConnectionManagerListener.h">
      <Filter>Header Files</Filter>
    </ClInclude>
    <ClInclude Include="airdcpp\CryptoManager.h">
      <Filter>Header Files</Filter>
    </ClInclude>
    <ClInclude Include="airdcpp\DCPlusPlus.h">
      <Filter>Header Files</Filter>
    </ClInclude>
    <ClInclude Include="airdcpp\ProtocolCommandManager.h">
      <Filter>Header Files</Filter>
    </ClInclude>
    <ClInclude Include="airdcpp\Encoder.h">
      <Filter>Header Files</Filter>
    </ClInclude>
    <ClInclude Include="airdcpp\Exception.h">
      <Filter>Header Files</Filter>
    </ClInclude>
    <ClInclude Include="airdcpp\FastAlloc.h">
      <Filter>Header Files</Filter>
    </ClInclude>
    <ClInclude Include="airdcpp\File.h">
      <Filter>Header Files</Filter>
    </ClInclude>
    <ClInclude Include="airdcpp\FilteredFile.h">
      <Filter>Header Files</Filter>
    </ClInclude>
    <ClInclude Include="airdcpp\Flags.h">
      <Filter>Header Files</Filter>
    </ClInclude>
    <ClInclude Include="airdcpp\forward.h">
      <Filter>Header Files</Filter>
    </ClInclude>
    <ClInclude Include="airdcpp\HashBloom.h">
      <Filter>Header Files</Filter>
    </ClInclude>
    <ClInclude Include="airdcpp\HashValue.h">
      <Filter>Header Files</Filter>
    </ClInclude>
    <ClInclude Include="airdcpp\LogManager.h">
      <Filter>Header Files</Filter>
    </ClInclude>
    <ClInclude Include="airdcpp\MerkleCheckOutputStream.h">
      <Filter>Header Files</Filter>
    </ClInclude>
    <ClInclude Include="airdcpp\MerkleTree.h">
      <Filter>Header Files</Filter>
    </ClInclude>
    <ClInclude Include="airdcpp\Pointer.h">
      <Filter>Header Files</Filter>
    </ClInclude>
    <ClInclude Include="airdcpp\ResourceManager.h">
      <Filter>Header Files</Filter>
    </ClInclude>
    <ClInclude Include="airdcpp\Segment.h">
      <Filter>Header Files</Filter>
    </ClInclude>
    <ClInclude Include="airdcpp\Semaphore.h">
      <Filter>Header Files</Filter>
    </ClInclude>
    <ClInclude Include="airdcpp\SettingsManager.h">
      <Filter>Header Files</Filter>
    </ClInclude>
    <ClInclude Include="airdcpp\SimpleXML.h">
      <Filter>Header Files</Filter>
    </ClInclude>
    <ClInclude Include="airdcpp\SimpleXMLReader.h">
      <Filter>Header Files</Filter>
    </ClInclude>
    <ClInclude Include="airdcpp\Singleton.h">
      <Filter>Header Files</Filter>
    </ClInclude>
    <ClInclude Include="airdcpp\Socket.h">
      <Filter>Header Files</Filter>
    </ClInclude>
    <ClInclude Include="airdcpp\Speaker.h">
      <Filter>Header Files</Filter>
    </ClInclude>
    <ClInclude Include="airdcpp\SSL.h">
      <Filter>Header Files</Filter>
    </ClInclude>
    <ClInclude Include="airdcpp\SSLSocket.h">
      <Filter>Header Files</Filter>
    </ClInclude>
    <ClInclude Include="airdcpp\stdinc.h">
      <Filter>Header Files</Filter>
    </ClInclude>
    <ClInclude Include="airdcpp\Streams.h">
      <Filter>Header Files</Filter>
    </ClInclude>
    <ClInclude Include="airdcpp\StringSearch.h">
      <Filter>Header Files</Filter>
    </ClInclude>
    <ClInclude Include="airdcpp\StringTokenizer.h">
      <Filter>Header Files</Filter>
    </ClInclude>
    <ClInclude Include="airdcpp\TaskQueue.h">
      <Filter>Header Files</Filter>
    </ClInclude>
    <ClInclude Include="airdcpp\Text.h">
      <Filter>Header Files</Filter>
    </ClInclude>
    <ClInclude Include="airdcpp\Thread.h">
      <Filter>Header Files</Filter>
    </ClInclude>
    <ClInclude Include="airdcpp\TigerHash.h">
      <Filter>Header Files</Filter>
    </ClInclude>
    <ClInclude Include="airdcpp\TimerManager.h">
      <Filter>Header Files</Filter>
    </ClInclude>
    <ClInclude Include="airdcpp\User.h">
      <Filter>Header Files</Filter>
    </ClInclude>
    <ClInclude Include="airdcpp\UserCommand.h">
      <Filter>Header Files</Filter>
    </ClInclude>
    <ClInclude Include="airdcpp\UserConnection.h">
      <Filter>Header Files</Filter>
    </ClInclude>
    <ClInclude Include="airdcpp\UserConnectionListener.h">
      <Filter>Header Files</Filter>
    </ClInclude>
    <ClInclude Include="airdcpp\UserInfoBase.h">
      <Filter>Header Files</Filter>
    </ClInclude>
    <ClInclude Include="airdcpp\version.h">
      <Filter>Header Files</Filter>
    </ClInclude>
    <ClInclude Include="airdcpp\ConnectivityManager.h">
      <Filter>Header Files</Filter>
    </ClInclude>
    <ClInclude Include="airdcpp\SFVReader.h">
      <Filter>Header Files</Filter>
    </ClInclude>
    <ClInclude Include="airdcpp\SharedFileStream.h">
      <Filter>Header Files</Filter>
    </ClInclude>
    <ClInclude Include="airdcpp\typedefs.h">
      <Filter>Header Files</Filter>
    </ClInclude>
    <ClInclude Include="airdcpp\HintedUser.h">
      <Filter>Header Files</Filter>
    </ClInclude>
    <ClInclude Include="airdcpp\Mapper.h">
      <Filter>Header Files</Filter>
    </ClInclude>
    <ClInclude Include="airdcpp\MappingManager.h">
      <Filter>Header Files</Filter>
    </ClInclude>
    <ClInclude Include="airdcpp\OnlineUser.h">
      <Filter>Header Files</Filter>
    </ClInclude>
    <ClInclude Include="airdcpp\ScopedFunctor.h">
      <Filter>Header Files</Filter>
    </ClInclude>
    <ClInclude Include="airdcpp\compiler.h">
      <Filter>Header Files</Filter>
    </ClInclude>
    <ClInclude Include="airdcpp\debug.h">
      <Filter>Header Files</Filter>
    </ClInclude>
    <ClInclude Include="airdcpp\w.h">
      <Filter>Header Files</Filter>
    </ClInclude>
    <ClInclude Include="airdcpp\GetSet.h">
      <Filter>Header Files</Filter>
    </ClInclude>
    <ClInclude Include="airdcpp\MerkleTreeOutputStream.h">
      <Filter>Header Files</Filter>
    </ClInclude>
    <ClInclude Include="airdcpp\FileReader.h">
      <Filter>Header Files</Filter>
    </ClInclude>
    <ClInclude Include="airdcpp\Mapper_NATPMP.h">
      <Filter>Header Files</Filter>
    </ClInclude>
    <ClInclude Include="airdcpp\Mapper_WinUPnP.h">
      <Filter>Header Files</Filter>
    </ClInclude>
    <ClInclude Include="airdcpp\Mapper_MiniUPnPc.h">
      <Filter>Header Files</Filter>
    </ClInclude>
    <ClInclude Include="airdcpp\GeoManager.h">
      <Filter>Header Files</Filter>
    </ClInclude>
    <ClInclude Include="airdcpp\HttpConnection.h">
      <Filter>Header Files</Filter>
    </ClInclude>
    <ClInclude Include="airdcpp\HttpDownload.h">
      <Filter>Header Files</Filter>
    </ClInclude>
    <ClInclude Include="airdcpp\LogManagerListener.h">
      <Filter>Header Files</Filter>
    </ClInclude>
    <ClInclude Include="airdcpp\HttpConnectionListener.h">
      <Filter>Header Files</Filter>
    </ClInclude>
    <ClInclude Include="airdcpp\format.h">
      <Filter>Header Files</Filter>
    </ClInclude>
    <ClInclude Include="airdcpp\GeoIP.h">
      <Filter>Header Files</Filter>
    </ClInclude>
    <ClInclude Include="airdcpp\Magnet.h">
      <Filter>Header Files</Filter>
    </ClInclude>
    <ClInclude Include="airdcpp\Localization.h">
      <Filter>Header Files</Filter>
    </ClInclude>
    <ClInclude Include="airdcpp\StringMatch.h">
      <Filter>Header Files</Filter>
    </ClInclude>
    <ClInclude Include="airdcpp\DelayedEvents.h">
      <Filter>Header Files</Filter>
    </ClInclude>
    <ClInclude Include="airdcpp\UpdateManager.h">
      <Filter>Header Files</Filter>
    </ClInclude>
    <ClInclude Include="airdcpp\UpdateManagerListener.h">
      <Filter>Header Files</Filter>
    </ClInclude>
    <ClInclude Include="airdcpp\HashCalc.h">
      <Filter>Header Files</Filter>
    </ClInclude>
    <ClInclude Include="airdcpp\ZipFile.h">
      <Filter>Header Files</Filter>
    </ClInclude>
    <ClInclude Include="airdcpp\pubkey.h">
      <Filter>Header Files</Filter>
    </ClInclude>
    <ClInclude Include="airdcpp\Updater.h">
      <Filter>Header Files</Filter>
    </ClInclude>
    <ClInclude Include="airdcpp\ThrottleManager.h">
      <Filter>Header Files</Filter>
    </ClInclude>
    <ClInclude Include="airdcpp\UDPServer.h">
      <Filter>Header Files</Filter>
    </ClInclude>
    <ClInclude Include="airdcpp\HubSettings.h">
      <Filter>Header Files</Filter>
    </ClInclude>
    <ClInclude Include="airdcpp\tribool.h">
      <Filter>Header Files</Filter>
    </ClInclude>
    <ClInclude Include="airdcpp\SortedVector.h">
      <Filter>Header Files</Filter>
    </ClInclude>
    <ClInclude Include="airdcpp\concurrency.h">
      <Filter>Header Files</Filter>
    </ClInclude>
    <ClInclude Include="airdcpp\DbHandler.h">
      <Filter>Header Files</Filter>
    </ClInclude>
    <ClInclude Include="airdcpp\LevelDB.h">
      <Filter>Header Files</Filter>
    </ClInclude>
    <ClInclude Include="airdcpp\SettingItem.h">
      <Filter>Header Files</Filter>
    </ClInclude>
    <ClInclude Include="airdcpp\DualString.h">
      <Filter>Header Files</Filter>
    </ClInclude>
    <ClInclude Include="airdcpp\SettingHolder.h">
      <Filter>Header Files</Filter>
    </ClInclude>
    <ClInclude Include="airdcpp\CriticalSection.h">
      <Filter>Header Files</Filter>
    </ClInclude>
    <ClInclude Include="airdcpp\DispatcherQueue.h">
      <Filter>Header Files</Filter>
    </ClInclude>
    <ClInclude Include="airdcpp\OfflineUser.h">
      <Filter>Header Files</Filter>
    </ClInclude>
    <ClInclude Include="airdcpp\PrioritySearchQueue.h">
      <Filter>Header Files</Filter>
    </ClInclude>
    <ClInclude Include="airdcpp\ConnectionType.h">
      <Filter>Header Files</Filter>
    </ClInclude>
    <ClInclude Include="airdcpp\PrivateChat.h">
      <Filter>Header Files</Filter>
    </ClInclude>
    <ClInclude Include="airdcpp\PrivateChatListener.h">
      <Filter>Header Files</Filter>
    </ClInclude>
    <ClInclude Include="airdcpp\Message.h">
      <Filter>Header Files</Filter>
    </ClInclude>
    <ClInclude Include="airdcpp\MessageCache.h">
      <Filter>Header Files</Filter>
    </ClInclude>
    <ClInclude Include="airdcpp\ViewFileManager.h">
      <Filter>Header Files</Filter>
    </ClInclude>
    <ClInclude Include="airdcpp\ViewFile.h">
      <Filter>Header Files</Filter>
    </ClInclude>
    <ClInclude Include="airdcpp\ViewFileManagerListener.h">
      <Filter>Header Files</Filter>
    </ClInclude>
    <ClInclude Include="airdcpp\ActivityManager.h">
      <Filter>Header Files</Filter>
    </ClInclude>
    <ClInclude Include="airdcpp\DupeType.h">
      <Filter>Header Files</Filter>
    </ClInclude>
    <ClInclude Include="airdcpp\TimerManagerListener.h">
      <Filter>Header Files</Filter>
    </ClInclude>
    <ClInclude Include="airdcpp\SettingsManagerListener.h">
      <Filter>Header Files</Filter>
    </ClInclude>
    <ClInclude Include="airdcpp\Priority.h">
      <Filter>Header Files</Filter>
    </ClInclude>
    <ClInclude Include="airdcpp\modules\AutoSearch.h">
      <Filter>Header Files\modules</Filter>
    </ClInclude>
    <ClInclude Include="airdcpp\modules\AutoSearchManager.h">
      <Filter>Header Files\modules</Filter>
    </ClInclude>
    <ClInclude Include="airdcpp\modules\AutoSearchManagerListener.h">
      <Filter>Header Files\modules</Filter>
    </ClInclude>
    <ClInclude Include="airdcpp\modules\HighlightManager.h">
      <Filter>Header Files\modules</Filter>
    </ClInclude>
    <ClInclude Include="airdcpp\modules\RSSManager.h">
      <Filter>Header Files\modules</Filter>
    </ClInclude>
    <ClInclude Include="airdcpp\modules\AutoSearchQueue.h">
      <Filter>Header Files\modules</Filter>
    </ClInclude>
    <ClInclude Include="airdcpp\modules\FinishedManager.h">
      <Filter>Header Files\modules</Filter>
    </ClInclude>
    <ClInclude Include="airdcpp\modules\FinishedManagerListener.h">
      <Filter>Header Files\modules</Filter>
    </ClInclude>
    <ClInclude Include="airdcpp\modules\ColorSettings.h">
      <Filter>Header Files\modules</Filter>
    </ClInclude>
    <ClInclude Include="airdcpp\modules\PreviewAppManager.h">
      <Filter>Header Files\modules</Filter>
    </ClInclude>
    <ClInclude Include="airdcpp\modules\HublistManager.h">
      <Filter>Header Files\modules</Filter>
    </ClInclude>
    <ClInclude Include="airdcpp\modules\HublistManagerListener.h">
      <Filter>Header Files\modules</Filter>
    </ClInclude>
    <ClInclude Include="airdcpp\modules\HublistEntry.h">
      <Filter>Header Files\modules</Filter>
    </ClInclude>
    <ClInclude Include="airdcpp\RecentManager.h">
      <Filter>Header Files</Filter>
    </ClInclude>
    <ClInclude Include="airdcpp\RecentManagerListener.h">
      <Filter>Header Files</Filter>
    </ClInclude>
    <ClInclude Include="airdcpp\RecentEntry.h">
      <Filter>Header Files</Filter>
    </ClInclude>
    <ClInclude Include="airdcpp\ActionHook.h">
      <Filter>Header Files</Filter>
    </ClInclude>
    <ClInclude Include="airdcpp\IgnoreManager.h">
      <Filter>Header Files</Filter>
    </ClInclude>
    <ClInclude Include="airdcpp\PrivateChatManager.h">
      <Filter>Header Files</Filter>
    </ClInclude>
    <ClInclude Include="airdcpp\PrivateChatManagerListener.h">
      <Filter>Header Files</Filter>
    </ClInclude>
    <ClInclude Include="airdcpp\IgnoreManagerListener.h">
      <Filter>Header Files</Filter>
    </ClInclude>
    <ClInclude Include="airdcpp\ErrorCollector.h">
      <Filter>Header Files</Filter>
    </ClInclude>
    <ClInclude Include="airdcpp\constants.h">
      <Filter>Header Files</Filter>
    </ClInclude>
    <ClInclude Include="airdcpp\DirectoryDownload.h">
      <Filter>Header Files</Filter>
    </ClInclude>
    <ClInclude Include="airdcpp\StreamBase.h">
      <Filter>Header Files</Filter>
    </ClInclude>
    <ClInclude Include="airdcpp\AddressInfo.h">
      <Filter>Header Files</Filter>
    </ClInclude>
    <ClInclude Include="airdcpp\MessageHighlight.h">
      <Filter>Header Files</Filter>
    </ClInclude>
    <ClInclude Include="airdcpp\modules\ADLSearch.h">
      <Filter>Header Files\modules</Filter>
    </ClInclude>
    <ClInclude Include="airdcpp\FloodCounter.h">
      <Filter>Header Files</Filter>
    </ClInclude>
    <ClInclude Include="airdcpp\ShareDirectory.h">
      <Filter>Header Files\share</Filter>
    </ClInclude>
    <ClInclude Include="airdcpp\ShareDirectoryInfo.h">
      <Filter>Header Files\share</Filter>
    </ClInclude>
    <ClInclude Include="airdcpp\ShareManager.h">
      <Filter>Header Files\share</Filter>
    </ClInclude>
    <ClInclude Include="airdcpp\ShareManagerListener.h">
      <Filter>Header Files\share</Filter>
    </ClInclude>
    <ClInclude Include="airdcpp\SharePathValidator.h">
      <Filter>Header Files\share</Filter>
    </ClInclude>
    <ClInclude Include="airdcpp\ShareProfile.h">
      <Filter>Header Files\share</Filter>
    </ClInclude>
    <ClInclude Include="airdcpp\ShareRefreshInfo.h">
      <Filter>Header Files\share</Filter>
    </ClInclude>
    <ClInclude Include="airdcpp\ShareRefreshTask.h">
      <Filter>Header Files\share</Filter>
    </ClInclude>
    <ClInclude Include="airdcpp\ShareStats.h">
      <Filter>Header Files\share</Filter>
    </ClInclude>
    <ClInclude Include="airdcpp\ShareTasks.h">
      <Filter>Header Files\share</Filter>
    </ClInclude>
    <ClInclude Include="airdcpp\ShareTree.h">
      <Filter>Header Files\share</Filter>
    </ClInclude>
    <ClInclude Include="airdcpp\TempShareItem.h">
      <Filter>Header Files\share</Filter>
    </ClInclude>
    <ClInclude Include="airdcpp\TempShareManager.h">
      <Filter>Header Files\share</Filter>
    </ClInclude>
    <ClInclude Include="airdcpp\Bundle.h">
      <Filter>Header Files\queue</Filter>
    </ClInclude>
    <ClInclude Include="airdcpp\BundleQueue.h">
      <Filter>Header Files\queue</Filter>
    </ClInclude>
    <ClInclude Include="airdcpp\QueueManagerListener.h">
      <Filter>Header Files\queue</Filter>
    </ClInclude>
    <ClInclude Include="airdcpp\QueueManager.h">
      <Filter>Header Files\queue</Filter>
    </ClInclude>
    <ClInclude Include="airdcpp\QueueItemBase.h">
      <Filter>Header Files\queue</Filter>
    </ClInclude>
    <ClInclude Include="airdcpp\QueueItem.h">
      <Filter>Header Files\queue</Filter>
    </ClInclude>
    <ClInclude Include="airdcpp\QueueAddInfo.h">
      <Filter>Header Files\queue</Filter>
    </ClInclude>
    <ClInclude Include="airdcpp\AdcHub.h">
      <Filter>Header Files\hub</Filter>
    </ClInclude>
    <ClInclude Include="airdcpp\ClientListener.h">
      <Filter>Header Files\hub</Filter>
    </ClInclude>
    <ClInclude Include="airdcpp\Client.h">
      <Filter>Header Files\hub</Filter>
    </ClInclude>
    <ClInclude Include="airdcpp\ClientManager.h">
      <Filter>Header Files\hub</Filter>
    </ClInclude>
    <ClInclude Include="airdcpp\ClientManagerListener.h">
      <Filter>Header Files\hub</Filter>
    </ClInclude>
    <ClInclude Include="airdcpp\NmdcHub.h">
      <Filter>Header Files\hub</Filter>
    </ClInclude>
    <ClInclude Include="airdcpp\DirectoryListingManagerListener.h">
      <Filter>Header Files\filelist</Filter>
    </ClInclude>
    <ClInclude Include="airdcpp\DirectoryListing.h">
      <Filter>Header Files\filelist</Filter>
    </ClInclude>
    <ClInclude Include="airdcpp\DirectoryListingListener.h">
      <Filter>Header Files\filelist</Filter>
    </ClInclude>
    <ClInclude Include="airdcpp\DirectoryListingManager.h">
      <Filter>Header Files\filelist</Filter>
    </ClInclude>
    <ClInclude Include="airdcpp\HashedFile.h">
      <Filter>Header Files\hash</Filter>
    </ClInclude>
    <ClInclude Include="airdcpp\Hasher.h">
      <Filter>Header Files\hash</Filter>
    </ClInclude>
    <ClInclude Include="airdcpp\HashManager.h">
      <Filter>Header Files\hash</Filter>
    </ClInclude>
    <ClInclude Include="airdcpp\HashManagerListener.h">
      <Filter>Header Files\hash</Filter>
    </ClInclude>
    <ClInclude Include="airdcpp\HashStore.h">
      <Filter>Header Files\hash</Filter>
    </ClInclude>
    <ClInclude Include="airdcpp\SearchResult.h">
      <Filter>Header Files\search</Filter>
    </ClInclude>
    <ClInclude Include="airdcpp\Search.h">
      <Filter>Header Files\search</Filter>
    </ClInclude>
    <ClInclude Include="airdcpp\SearchInstance.h">
      <Filter>Header Files\search</Filter>
    </ClInclude>
    <ClInclude Include="airdcpp\SearchInstanceListener.h">
      <Filter>Header Files\search</Filter>
    </ClInclude>
    <ClInclude Include="airdcpp\SearchManager.h">
      <Filter>Header Files\search</Filter>
    </ClInclude>
    <ClInclude Include="airdcpp\SearchManagerListener.h">
      <Filter>Header Files\search</Filter>
    </ClInclude>
    <ClInclude Include="airdcpp\SearchQuery.h">
      <Filter>Header Files\search</Filter>
    </ClInclude>
    <ClInclude Include="airdcpp\SearchQueue.h">
      <Filter>Header Files\search</Filter>
    </ClInclude>
    <ClInclude Include="airdcpp\GroupedSearchResult.h">
      <Filter>Header Files\search</Filter>
    </ClInclude>
    <ClInclude Include="airdcpp\FileQueue.h">
      <Filter>Header Files\queue</Filter>
    </ClInclude>
    <ClInclude Include="airdcpp\UserQueue.h">
      <Filter>Header Files\queue</Filter>
    </ClInclude>
    <ClInclude Include="airdcpp\DirectSearch.h">
      <Filter>Header Files\search</Filter>
    </ClInclude>
    <ClInclude Include="airdcpp\UploadManagerListener.h">
      <Filter>Header Files\transfer</Filter>
    </ClInclude>
    <ClInclude Include="airdcpp\Upload.h">
      <Filter>Header Files\transfer</Filter>
    </ClInclude>
    <ClInclude Include="airdcpp\UploadBundle.h">
      <Filter>Header Files\transfer</Filter>
    </ClInclude>
    <ClInclude Include="airdcpp\UploadManager.h">
      <Filter>Header Files\transfer</Filter>
    </ClInclude>
    <ClInclude Include="airdcpp\TransferInfoManager.h">
      <Filter>Header Files\transfer</Filter>
    </ClInclude>
    <ClInclude Include="airdcpp\TransferInfo.h">
      <Filter>Header Files\transfer</Filter>
    </ClInclude>
    <ClInclude Include="airdcpp\Transfer.h">
      <Filter>Header Files\transfer</Filter>
    </ClInclude>
    <ClInclude Include="airdcpp\TrackableDownloadItem.h">
      <Filter>Header Files\transfer</Filter>
    </ClInclude>
    <ClInclude Include="airdcpp\DownloadManagerListener.h">
      <Filter>Header Files\transfer</Filter>
    </ClInclude>
    <ClInclude Include="airdcpp\DownloadManager.h">
      <Filter>Header Files\transfer</Filter>
    </ClInclude>
    <ClInclude Include="airdcpp\Download.h">
      <Filter>Header Files\transfer</Filter>
    </ClInclude>
    <ClInclude Include="airdcpp\RelevanceSearch.h">
      <Filter>Header Files\search</Filter>
    </ClInclude>
    <ClInclude Include="airdcpp\Task.h">
      <Filter>Header Files</Filter>
    </ClInclude>
    <ClInclude Include="airdcpp\HasherManager.h">
      <Filter>Header Files\hash</Filter>
    </ClInclude>
    <ClInclude Include="airdcpp\HasherStats.h">
      <Filter>Header Files\hash</Filter>
    </ClInclude>
    <ClInclude Include="airdcpp\PartialBundleSharingManager.h">
      <Filter>Header Files\queue</Filter>
    </ClInclude>
    <ClInclude Include="airdcpp\PartialFileSharingManager.h">
      <Filter>Header Files\queue</Filter>
    </ClInclude>
    <ClInclude Include="airdcpp\PartialSharingManager.h">
      <Filter>Header Files\queue</Filter>
    </ClInclude>
    <ClInclude Include="airdcpp\SearchTypes.h">
      <Filter>Header Files\search</Filter>
    </ClInclude>
    <ClInclude Include="airdcpp\UploadBundleInfoSender.h">
      <Filter>Header Files\transfer</Filter>
    </ClInclude>
    <ClInclude Include="airdcpp\UploadBundleManager.h">
      <Filter>Header Files\transfer</Filter>
    </ClInclude>
    <ClInclude Include="airdcpp\DirectoryContentInfo.h">
      <Filter>Header Files</Filter>
    </ClInclude>
    <ClInclude Include="airdcpp\AirUtil.h">
      <Filter>Header Files\util</Filter>
    </ClInclude>
    <ClInclude Include="airdcpp\AppUtil.h">
      <Filter>Header Files\util</Filter>
    </ClInclude>
    <ClInclude Include="airdcpp\ValueGenerator.h">
      <Filter>Header Files\util</Filter>
    </ClInclude>
    <ClInclude Include="airdcpp\SystemUtil.h">
      <Filter>Header Files\util</Filter>
    </ClInclude>
    <ClInclude Include="airdcpp\NetworkUtil.h">
      <Filter>Header Files\util</Filter>
    </ClInclude>
    <ClInclude Include="airdcpp\LinkUtil.h">
      <Filter>Header Files\util</Filter>
    </ClInclude>
    <ClInclude Include="airdcpp\DupeUtil.h">
      <Filter>Header Files\util</Filter>
    </ClInclude>
    <ClInclude Include="airdcpp\Util.h">
      <Filter>Header Files\util</Filter>
    </ClInclude>
    <ClInclude Include="airdcpp\PathUtil.h">
      <Filter>Header Files\util</Filter>
    </ClInclude>
    <ClInclude Include="airdcpp\ZUtils.h">
      <Filter>Header Files\util</Filter>
    </ClInclude>
    <ClInclude Include="airdcpp\RegexUtil.h">
      <Filter>Header Files\util</Filter>
    </ClInclude>
    <ClInclude Include="airdcpp\AdcSupports.h">
      <Filter>Header Files</Filter>
    </ClInclude>
    <ClInclude Include="airdcpp\UploadBundleInfoReceiverListener.h">
      <Filter>Header Files\transfer</Filter>
    </ClInclude>
    <ClInclude Include="airdcpp\UploadBundleInfoReceiver.h">
      <Filter>Header Files\transfer</Filter>
    </ClInclude>
    <ClInclude Include="airdcpp\UploadBundleInfo.h">
      <Filter>Header Files\transfer</Filter>
    </ClInclude>
    <ClInclude Include="airdcpp\UploadQueueManager.h">
      <Filter>Header Files\transfer</Filter>
    </ClInclude>
    <ClInclude Include="airdcpp\UploadQueueManagerListener.h">
      <Filter>Header Files\transfer</Filter>
    </ClInclude>
    <ClInclude Include="airdcpp\UserCommandManager.h">
      <Filter>Header Files</Filter>
    </ClInclude>
    <ClInclude Include="airdcpp\ReservedSlotManager.h">
      <Filter>Header Files\favorites</Filter>
    </ClInclude>
    <ClInclude Include="airdcpp\FavHubGroup.h">
      <Filter>Header Files\favorites</Filter>
    </ClInclude>
    <ClInclude Include="airdcpp\FavoriteManager.h">
      <Filter>Header Files\favorites</Filter>
    </ClInclude>
    <ClInclude Include="airdcpp\FavoriteManagerListener.h">
      <Filter>Header Files\favorites</Filter>
    </ClInclude>
    <ClInclude Include="airdcpp\FavoriteUser.h">
      <Filter>Header Files\favorites</Filter>
    </ClInclude>
    <ClInclude Include="airdcpp\FavoriteUserManager.h">
      <Filter>Header Files\favorites</Filter>
    </ClInclude>
    <ClInclude Include="airdcpp\FavoriteUserManagerListener.h">
      <Filter>Header Files\favorites</Filter>
    </ClInclude>
    <ClInclude Include="airdcpp\HubEntry.h">
      <Filter>Header Files\favorites</Filter>
    </ClInclude>
  </ItemGroup>
  <ItemGroup>
    <CustomBuild Include="airdcpp\StringDefs.h">
      <Filter>Header Files</Filter>
    </CustomBuild>
  </ItemGroup>
  <ItemGroup>
    <None Include="cpp.hint" />
  </ItemGroup>
</Project>