<?xml version="1.0" encoding="utf-8"?>
<Project ToolsVersion="4.0" xmlns="http://schemas.microsoft.com/developer/msbuild/2003">
  <ItemGroup>
    <Filter Include="Source Files">
      <UniqueIdentifier>{1a8416af-1321-462c-aea6-1547f6f7ddb4}</UniqueIdentifier>
      <Extensions>cpp;c;cxx;rc;def;r;odl;idl;hpj;bat</Extensions>
    </Filter>
    <Filter Include="Header Files">
      <UniqueIdentifier>{f99f14c5-0c4b-4660-86f4-9495d819089b}</UniqueIdentifier>
      <Extensions>h;hpp;hxx;hm;inl</Extensions>
    </Filter>
  </ItemGroup>
  <ItemGroup>
    <ClCompile Include="airdcpp\AdcCommand.cpp">
      <Filter>Source Files</Filter>
    </ClCompile>
    <ClCompile Include="airdcpp\AdcHub.cpp">
      <Filter>Source Files</Filter>
    </ClCompile>
    <ClCompile Include="airdcpp\ADLSearch.cpp">
      <Filter>Source Files</Filter>
    </ClCompile>
    <ClCompile Include="airdcpp\AutoSearchManager.cpp">
      <Filter>Source Files</Filter>
    </ClCompile>
    <ClCompile Include="airdcpp\BufferedSocket.cpp">
      <Filter>Source Files</Filter>
    </ClCompile>
    <ClCompile Include="airdcpp\BZUtils.cpp">
      <Filter>Source Files</Filter>
    </ClCompile>
    <ClCompile Include="airdcpp\Client.cpp">
      <Filter>Source Files</Filter>
    </ClCompile>
    <ClCompile Include="airdcpp\ClientManager.cpp">
      <Filter>Source Files</Filter>
    </ClCompile>
    <ClCompile Include="airdcpp\ConnectionManager.cpp">
      <Filter>Source Files</Filter>
    </ClCompile>
    <ClCompile Include="airdcpp\CryptoManager.cpp">
      <Filter>Source Files</Filter>
    </ClCompile>
    <ClCompile Include="airdcpp\DCPlusPlus.cpp">
      <Filter>Source Files</Filter>
    </ClCompile>
    <ClCompile Include="airdcpp\DirectoryListing.cpp">
      <Filter>Source Files</Filter>
    </ClCompile>
    <ClCompile Include="airdcpp\Download.cpp">
      <Filter>Source Files</Filter>
    </ClCompile>
    <ClCompile Include="airdcpp\DownloadManager.cpp">
      <Filter>Source Files</Filter>
    </ClCompile>
    <ClCompile Include="airdcpp\Encoder.cpp">
      <Filter>Source Files</Filter>
    </ClCompile>
    <ClCompile Include="airdcpp\FavoriteManager.cpp">
      <Filter>Source Files</Filter>
    </ClCompile>
    <ClCompile Include="airdcpp\File.cpp">
      <Filter>Source Files</Filter>
    </ClCompile>
    <ClCompile Include="airdcpp\FinishedManager.cpp">
      <Filter>Source Files</Filter>
    </ClCompile>
    <ClCompile Include="airdcpp\HashBloom.cpp">
      <Filter>Source Files</Filter>
    </ClCompile>
    <ClCompile Include="airdcpp\HashManager.cpp">
      <Filter>Source Files</Filter>
    </ClCompile>
    <ClCompile Include="airdcpp\NmdcHub.cpp">
      <Filter>Source Files</Filter>
    </ClCompile>
    <ClCompile Include="airdcpp\QueueItem.cpp">
      <Filter>Source Files</Filter>
    </ClCompile>
    <ClCompile Include="airdcpp\QueueManager.cpp">
      <Filter>Source Files</Filter>
    </ClCompile>
    <ClCompile Include="airdcpp\ResourceManager.cpp">
      <Filter>Source Files</Filter>
    </ClCompile>
    <ClCompile Include="airdcpp\SearchManager.cpp">
      <Filter>Source Files</Filter>
    </ClCompile>
    <ClCompile Include="airdcpp\SearchQueue.cpp">
      <Filter>Source Files</Filter>
    </ClCompile>
    <ClCompile Include="airdcpp\SearchResult.cpp">
      <Filter>Source Files</Filter>
    </ClCompile>
    <ClCompile Include="airdcpp\SettingsManager.cpp">
      <Filter>Source Files</Filter>
    </ClCompile>
    <ClCompile Include="airdcpp\ShareManager.cpp">
      <Filter>Source Files</Filter>
    </ClCompile>
    <ClCompile Include="airdcpp\SimpleXML.cpp">
      <Filter>Source Files</Filter>
    </ClCompile>
    <ClCompile Include="airdcpp\SimpleXMLReader.cpp">
      <Filter>Source Files</Filter>
    </ClCompile>
    <ClCompile Include="airdcpp\Socket.cpp">
      <Filter>Source Files</Filter>
    </ClCompile>
    <ClCompile Include="airdcpp\SSL.cpp">
      <Filter>Source Files</Filter>
    </ClCompile>
    <ClCompile Include="airdcpp\SSLSocket.cpp">
      <Filter>Source Files</Filter>
    </ClCompile>
    <ClCompile Include="airdcpp\stdinc.cpp">
      <Filter>Source Files</Filter>
    </ClCompile>
    <ClCompile Include="airdcpp\StringDefs.cpp">
      <Filter>Source Files</Filter>
    </ClCompile>
    <ClCompile Include="airdcpp\Text.cpp">
      <Filter>Source Files</Filter>
    </ClCompile>
    <ClCompile Include="airdcpp\Thread.cpp">
      <Filter>Source Files</Filter>
    </ClCompile>
    <ClCompile Include="airdcpp\TigerHash.cpp">
      <Filter>Source Files</Filter>
    </ClCompile>
    <ClCompile Include="airdcpp\TimerManager.cpp">
      <Filter>Source Files</Filter>
    </ClCompile>
    <ClCompile Include="airdcpp\Transfer.cpp">
      <Filter>Source Files</Filter>
    </ClCompile>
    <ClCompile Include="airdcpp\Upload.cpp">
      <Filter>Source Files</Filter>
    </ClCompile>
    <ClCompile Include="airdcpp\UploadManager.cpp">
      <Filter>Source Files</Filter>
    </ClCompile>
    <ClCompile Include="airdcpp\User.cpp">
      <Filter>Source Files</Filter>
    </ClCompile>
    <ClCompile Include="airdcpp\UserCommand.cpp">
      <Filter>Source Files</Filter>
    </ClCompile>
    <ClCompile Include="airdcpp\UserConnection.cpp">
      <Filter>Source Files</Filter>
    </ClCompile>
    <ClCompile Include="airdcpp\Util.cpp">
      <Filter>Source Files</Filter>
    </ClCompile>
    <ClCompile Include="airdcpp\Wildcards.cpp">
      <Filter>Source Files</Filter>
    </ClCompile>
    <ClCompile Include="airdcpp\ZUtils.cpp">
      <Filter>Source Files</Filter>
    </ClCompile>
    <ClCompile Include="airdcpp\ConnectivityManager.cpp">
      <Filter>Source Files</Filter>
    </ClCompile>
    <ClCompile Include="airdcpp\SFVReader.cpp">
      <Filter>Source Files</Filter>
    </ClCompile>
    <ClCompile Include="airdcpp\SharedFileStream.cpp">
      <Filter>Source Files</Filter>
    </ClCompile>
    <ClCompile Include="airdcpp\Mapper.cpp">
      <Filter>Source Files</Filter>
    </ClCompile>
    <ClCompile Include="airdcpp\MappingManager.cpp">
      <Filter>Source Files</Filter>
    </ClCompile>
    <ClCompile Include="airdcpp\CID.cpp">
      <Filter>Source Files</Filter>
    </ClCompile>
    <ClCompile Include="airdcpp\AirUtil.cpp">
      <Filter>Source Files</Filter>
    </ClCompile>
    <ClCompile Include="airdcpp\Bundle.cpp">
      <Filter>Source Files</Filter>
    </ClCompile>
    <ClCompile Include="airdcpp\UploadBundle.cpp">
      <Filter>Source Files</Filter>
    </ClCompile>
    <ClCompile Include="airdcpp\ShareScannerManager.cpp">
      <Filter>Source Files</Filter>
    </ClCompile>
    <ClCompile Include="airdcpp\FileReader.cpp">
      <Filter>Source Files</Filter>
    </ClCompile>
    <ClCompile Include="airdcpp\BundleQueue.cpp">
      <Filter>Source Files</Filter>
    </ClCompile>
    <ClCompile Include="airdcpp\UserQueue.cpp">
      <Filter>Source Files</Filter>
    </ClCompile>
    <ClCompile Include="airdcpp\FileQueue.cpp">
      <Filter>Source Files</Filter>
    </ClCompile>
    <ClCompile Include="airdcpp\WebShortcuts.cpp">
      <Filter>Source Files</Filter>
    </ClCompile>
    <ClCompile Include="airdcpp\Mapper_MiniUPnPc.cpp">
      <Filter>Source Files</Filter>
    </ClCompile>
    <ClCompile Include="airdcpp\Mapper_NATPMP.cpp">
      <Filter>Source Files</Filter>
    </ClCompile>
    <ClCompile Include="airdcpp\Mapper_WinUPnP.cpp">
      <Filter>Source Files</Filter>
    </ClCompile>
    <ClCompile Include="airdcpp\GeoManager.cpp">
      <Filter>Source Files</Filter>
    </ClCompile>
    <ClCompile Include="airdcpp\HttpDownload.cpp">
      <Filter>Source Files</Filter>
    </ClCompile>
    <ClCompile Include="airdcpp\HttpConnection.cpp">
      <Filter>Source Files</Filter>
    </ClCompile>
    <ClCompile Include="airdcpp\LogManager.cpp">
      <Filter>Source Files</Filter>
    </ClCompile>
    <ClCompile Include="airdcpp\GeoIP.cpp">
      <Filter>Source Files</Filter>
    </ClCompile>
    <ClCompile Include="airdcpp\Magnet.cpp">
      <Filter>Source Files</Filter>
    </ClCompile>
    <ClCompile Include="airdcpp\TargetUtil.cpp">
      <Filter>Source Files</Filter>
    </ClCompile>
    <ClCompile Include="airdcpp\Localization.cpp">
      <Filter>Source Files</Filter>
    </ClCompile>
    <ClCompile Include="airdcpp\ShareProfile.cpp">
      <Filter>Source Files</Filter>
    </ClCompile>
    <ClCompile Include="airdcpp\DirectoryListingManager.cpp">
      <Filter>Source Files</Filter>
    </ClCompile>
    <ClCompile Include="airdcpp\StringMatch.cpp">
      <Filter>Source Files</Filter>
    </ClCompile>
    <ClCompile Include="airdcpp\HubEntry.cpp">
      <Filter>Source Files</Filter>
    </ClCompile>
    <ClCompile Include="airdcpp\UpdateManager.cpp">
      <Filter>Source Files</Filter>
    </ClCompile>
    <ClCompile Include="airdcpp\ZipFile.cpp">
      <Filter>Source Files</Filter>
    </ClCompile>
    <ClCompile Include="airdcpp\Updater.cpp">
      <Filter>Source Files</Filter>
    </ClCompile>
    <ClCompile Include="airdcpp\ThrottleManager.cpp">
      <Filter>Source Files</Filter>
    </ClCompile>
    <ClCompile Include="airdcpp\UDPServer.cpp">
      <Filter>Source Files</Filter>
    </ClCompile>
    <ClCompile Include="airdcpp\HubSettings.cpp">
      <Filter>Source Files</Filter>
    </ClCompile>
    <ClCompile Include="airdcpp\QueueItemBase.cpp">
      <Filter>Source Files</Filter>
    </ClCompile>
    <ClCompile Include="airdcpp\StringSearch.cpp">
      <Filter>Source Files</Filter>
    </ClCompile>
    <ClCompile Include="airdcpp\LevelDB.cpp">
      <Filter>Source Files</Filter>
    </ClCompile>
    <ClCompile Include="airdcpp\SettingItem.cpp">
      <Filter>Source Files</Filter>
    </ClCompile>
    <ClCompile Include="airdcpp\DualString.cpp">
      <Filter>Source Files</Filter>
    </ClCompile>
    <ClCompile Include="airdcpp\DirectoryMonitor.cpp">
      <Filter>Source Files</Filter>
    </ClCompile>
    <ClCompile Include="airdcpp\HighlightManager.cpp">
      <Filter>Source Files</Filter>
    </ClCompile>
    <ClCompile Include="airdcpp\ColorSettings.cpp">
      <Filter>Source Files</Filter>
    </ClCompile>
    <ClCompile Include="airdcpp\AutoSearch.cpp">
      <Filter>Source Files</Filter>
    </ClCompile>
    <ClCompile Include="airdcpp\SettingHolder.cpp">
      <Filter>Source Files</Filter>
    </ClCompile>
    <ClCompile Include="airdcpp\CriticalSection.cpp">
      <Filter>Source Files</Filter>
    </ClCompile>
    <ClCompile Include="airdcpp\version.cpp">
      <Filter>Source Files</Filter>
    </ClCompile>
    <ClCompile Include="airdcpp\SearchQuery.cpp">
      <Filter>Source Files</Filter>
    </ClCompile>
    <ClCompile Include="airdcpp\MessageManager.cpp">
      <Filter>Source Files</Filter>
    </ClCompile>
    <ClCompile Include="airdcpp\PrivateChat.cpp">
      <Filter>Source Files</Filter>
    </ClCompile>
    <ClCompile Include="airdcpp\Message.cpp">
      <Filter>Source Files</Filter>
    </ClCompile>
    <ClCompile Include="airdcpp\MessageCache.cpp">
      <Filter>Source Files</Filter>
    </ClCompile>
    <ClCompile Include="airdcpp\TrackableDownloadItem.cpp">
      <Filter>Source Files</Filter>
    </ClCompile>
    <ClCompile Include="airdcpp\ViewFileManager.cpp">
      <Filter>Source Files</Filter>
    </ClCompile>
    <ClCompile Include="airdcpp\ViewFile.cpp">
      <Filter>Source Files</Filter>
    </ClCompile>
    <ClCompile Include="airdcpp\ActivityManager.cpp">
      <Filter>Source Files</Filter>
    </ClCompile>
    <ClCompile Include="airdcpp\DirectSearch.cpp">
      <Filter>Source Files</Filter>
    </ClCompile>
  </ItemGroup>
  <ItemGroup>
    <ClInclude Include="airdcpp\AdcCommand.h">
      <Filter>Header Files</Filter>
    </ClInclude>
    <ClInclude Include="airdcpp\AdcHub.h">
      <Filter>Header Files</Filter>
    </ClInclude>
    <ClInclude Include="airdcpp\ADLSearch.h">
      <Filter>Header Files</Filter>
    </ClInclude>
    <ClInclude Include="airdcpp\BloomFilter.h">
      <Filter>Header Files</Filter>
    </ClInclude>
    <ClInclude Include="airdcpp\BufferedSocket.h">
      <Filter>Header Files</Filter>
    </ClInclude>
    <ClInclude Include="airdcpp\BufferedSocketListener.h">
      <Filter>Header Files</Filter>
    </ClInclude>
    <ClInclude Include="airdcpp\BZUtils.h">
      <Filter>Header Files</Filter>
    </ClInclude>
    <ClInclude Include="airdcpp\CID.h">
      <Filter>Header Files</Filter>
    </ClInclude>
    <ClInclude Include="airdcpp\Client.h">
      <Filter>Header Files</Filter>
    </ClInclude>
    <ClInclude Include="airdcpp\ClientListener.h">
      <Filter>Header Files</Filter>
    </ClInclude>
    <ClInclude Include="airdcpp\ClientManager.h">
      <Filter>Header Files</Filter>
    </ClInclude>
    <ClInclude Include="airdcpp\ClientManagerListener.h">
      <Filter>Header Files</Filter>
    </ClInclude>
    <ClInclude Include="airdcpp\ConnectionManager.h">
      <Filter>Header Files</Filter>
    </ClInclude>
    <ClInclude Include="airdcpp\ConnectionManagerListener.h">
      <Filter>Header Files</Filter>
    </ClInclude>
    <ClInclude Include="airdcpp\CryptoManager.h">
      <Filter>Header Files</Filter>
    </ClInclude>
    <ClInclude Include="airdcpp\DCPlusPlus.h">
      <Filter>Header Files</Filter>
    </ClInclude>
    <ClInclude Include="airdcpp\DebugManager.h">
      <Filter>Header Files</Filter>
    </ClInclude>
    <ClInclude Include="airdcpp\DirectoryListing.h">
      <Filter>Header Files</Filter>
    </ClInclude>
    <ClInclude Include="airdcpp\Download.h">
      <Filter>Header Files</Filter>
    </ClInclude>
    <ClInclude Include="airdcpp\DownloadManager.h">
      <Filter>Header Files</Filter>
    </ClInclude>
    <ClInclude Include="airdcpp\DownloadManagerListener.h">
      <Filter>Header Files</Filter>
    </ClInclude>
    <ClInclude Include="airdcpp\Encoder.h">
      <Filter>Header Files</Filter>
    </ClInclude>
    <ClInclude Include="airdcpp\Exception.h">
      <Filter>Header Files</Filter>
    </ClInclude>
    <ClInclude Include="airdcpp\FastAlloc.h">
      <Filter>Header Files</Filter>
    </ClInclude>
    <ClInclude Include="airdcpp\FavHubGroup.h">
      <Filter>Header Files</Filter>
    </ClInclude>
    <ClInclude Include="airdcpp\FavoriteManager.h">
      <Filter>Header Files</Filter>
    </ClInclude>
    <ClInclude Include="airdcpp\FavoriteManagerListener.h">
      <Filter>Header Files</Filter>
    </ClInclude>
    <ClInclude Include="airdcpp\FavoriteUser.h">
      <Filter>Header Files</Filter>
    </ClInclude>
    <ClInclude Include="airdcpp\File.h">
      <Filter>Header Files</Filter>
    </ClInclude>
    <ClInclude Include="airdcpp\FilteredFile.h">
      <Filter>Header Files</Filter>
    </ClInclude>
    <ClInclude Include="airdcpp\FinishedManager.h">
      <Filter>Header Files</Filter>
    </ClInclude>
    <ClInclude Include="airdcpp\FinishedManagerListener.h">
      <Filter>Header Files</Filter>
    </ClInclude>
    <ClInclude Include="airdcpp\Flags.h">
      <Filter>Header Files</Filter>
    </ClInclude>
    <ClInclude Include="airdcpp\forward.h">
      <Filter>Header Files</Filter>
    </ClInclude>
    <ClInclude Include="airdcpp\HashBloom.h">
      <Filter>Header Files</Filter>
    </ClInclude>
    <ClInclude Include="airdcpp\HashManager.h">
      <Filter>Header Files</Filter>
    </ClInclude>
    <ClInclude Include="airdcpp\HashValue.h">
      <Filter>Header Files</Filter>
    </ClInclude>
    <ClInclude Include="airdcpp\HubEntry.h">
      <Filter>Header Files</Filter>
    </ClInclude>
    <ClInclude Include="airdcpp\LogManager.h">
      <Filter>Header Files</Filter>
    </ClInclude>
    <ClInclude Include="airdcpp\MerkleCheckOutputStream.h">
      <Filter>Header Files</Filter>
    </ClInclude>
    <ClInclude Include="airdcpp\MerkleTree.h">
      <Filter>Header Files</Filter>
    </ClInclude>
    <ClInclude Include="airdcpp\NmdcHub.h">
      <Filter>Header Files</Filter>
    </ClInclude>
    <ClInclude Include="airdcpp\Pointer.h">
      <Filter>Header Files</Filter>
    </ClInclude>
    <ClInclude Include="airdcpp\QueueItem.h">
      <Filter>Header Files</Filter>
    </ClInclude>
    <ClInclude Include="airdcpp\QueueManager.h">
      <Filter>Header Files</Filter>
    </ClInclude>
    <ClInclude Include="airdcpp\QueueManagerListener.h">
      <Filter>Header Files</Filter>
    </ClInclude>
    <ClInclude Include="airdcpp\ResourceManager.h">
      <Filter>Header Files</Filter>
    </ClInclude>
    <ClInclude Include="airdcpp\SearchManager.h">
      <Filter>Header Files</Filter>
    </ClInclude>
    <ClInclude Include="airdcpp\SearchManagerListener.h">
      <Filter>Header Files</Filter>
    </ClInclude>
    <ClInclude Include="airdcpp\SearchQueue.h">
      <Filter>Header Files</Filter>
    </ClInclude>
    <ClInclude Include="airdcpp\SearchResult.h">
      <Filter>Header Files</Filter>
    </ClInclude>
    <ClInclude Include="airdcpp\Segment.h">
      <Filter>Header Files</Filter>
    </ClInclude>
    <ClInclude Include="airdcpp\Semaphore.h">
      <Filter>Header Files</Filter>
    </ClInclude>
    <ClInclude Include="airdcpp\SettingsManager.h">
      <Filter>Header Files</Filter>
    </ClInclude>
    <ClInclude Include="airdcpp\ShareManager.h">
      <Filter>Header Files</Filter>
    </ClInclude>
    <ClInclude Include="airdcpp\SimpleXML.h">
      <Filter>Header Files</Filter>
    </ClInclude>
    <ClInclude Include="airdcpp\SimpleXMLReader.h">
      <Filter>Header Files</Filter>
    </ClInclude>
    <ClInclude Include="airdcpp\Singleton.h">
      <Filter>Header Files</Filter>
    </ClInclude>
    <ClInclude Include="airdcpp\Socket.h">
      <Filter>Header Files</Filter>
    </ClInclude>
    <ClInclude Include="airdcpp\Speaker.h">
      <Filter>Header Files</Filter>
    </ClInclude>
    <ClInclude Include="airdcpp\SSL.h">
      <Filter>Header Files</Filter>
    </ClInclude>
    <ClInclude Include="airdcpp\SSLSocket.h">
      <Filter>Header Files</Filter>
    </ClInclude>
    <ClInclude Include="airdcpp\stdinc.h">
      <Filter>Header Files</Filter>
    </ClInclude>
    <ClInclude Include="airdcpp\Streams.h">
      <Filter>Header Files</Filter>
    </ClInclude>
    <ClInclude Include="airdcpp\StringSearch.h">
      <Filter>Header Files</Filter>
    </ClInclude>
    <ClInclude Include="airdcpp\StringTokenizer.h">
      <Filter>Header Files</Filter>
    </ClInclude>
    <ClInclude Include="airdcpp\TaskQueue.h">
      <Filter>Header Files</Filter>
    </ClInclude>
    <ClInclude Include="airdcpp\Text.h">
      <Filter>Header Files</Filter>
    </ClInclude>
    <ClInclude Include="airdcpp\Thread.h">
      <Filter>Header Files</Filter>
    </ClInclude>
    <ClInclude Include="airdcpp\TigerHash.h">
      <Filter>Header Files</Filter>
    </ClInclude>
    <ClInclude Include="airdcpp\TimerManager.h">
      <Filter>Header Files</Filter>
    </ClInclude>
    <ClInclude Include="airdcpp\Transfer.h">
      <Filter>Header Files</Filter>
    </ClInclude>
    <ClInclude Include="airdcpp\Upload.h">
      <Filter>Header Files</Filter>
    </ClInclude>
    <ClInclude Include="airdcpp\UploadManager.h">
      <Filter>Header Files</Filter>
    </ClInclude>
    <ClInclude Include="airdcpp\UploadManagerListener.h">
      <Filter>Header Files</Filter>
    </ClInclude>
    <ClInclude Include="airdcpp\User.h">
      <Filter>Header Files</Filter>
    </ClInclude>
    <ClInclude Include="airdcpp\UserCommand.h">
      <Filter>Header Files</Filter>
    </ClInclude>
    <ClInclude Include="airdcpp\UserConnection.h">
      <Filter>Header Files</Filter>
    </ClInclude>
    <ClInclude Include="airdcpp\UserConnectionListener.h">
      <Filter>Header Files</Filter>
    </ClInclude>
    <ClInclude Include="airdcpp\UserInfoBase.h">
      <Filter>Header Files</Filter>
    </ClInclude>
    <ClInclude Include="airdcpp\Util.h">
      <Filter>Header Files</Filter>
    </ClInclude>
    <ClInclude Include="airdcpp\version.h">
      <Filter>Header Files</Filter>
    </ClInclude>
    <ClInclude Include="airdcpp\Wildcards.h">
      <Filter>Header Files</Filter>
    </ClInclude>
    <ClInclude Include="airdcpp\ZUtils.h">
      <Filter>Header Files</Filter>
    </ClInclude>
    <ClInclude Include="airdcpp\ConnectivityManager.h">
      <Filter>Header Files</Filter>
    </ClInclude>
    <ClInclude Include="airdcpp\SFVReader.h">
      <Filter>Header Files</Filter>
    </ClInclude>
    <ClInclude Include="airdcpp\SharedFileStream.h">
      <Filter>Header Files</Filter>
    </ClInclude>
    <ClInclude Include="airdcpp\typedefs.h">
      <Filter>Header Files</Filter>
    </ClInclude>
    <ClInclude Include="airdcpp\HintedUser.h">
      <Filter>Header Files</Filter>
    </ClInclude>
    <ClInclude Include="airdcpp\Mapper.h">
      <Filter>Header Files</Filter>
    </ClInclude>
    <ClInclude Include="airdcpp\MappingManager.h">
      <Filter>Header Files</Filter>
    </ClInclude>
    <ClInclude Include="airdcpp\OnlineUser.h">
      <Filter>Header Files</Filter>
    </ClInclude>
    <ClInclude Include="airdcpp\ScopedFunctor.h">
      <Filter>Header Files</Filter>
    </ClInclude>
    <ClInclude Include="airdcpp\compiler.h">
      <Filter>Header Files</Filter>
    </ClInclude>
    <ClInclude Include="airdcpp\debug.h">
      <Filter>Header Files</Filter>
    </ClInclude>
    <ClInclude Include="airdcpp\w.h">
      <Filter>Header Files</Filter>
    </ClInclude>
    <ClInclude Include="airdcpp\AirUtil.h">
      <Filter>Header Files</Filter>
    </ClInclude>
    <ClInclude Include="airdcpp\Bundle.h">
      <Filter>Header Files</Filter>
    </ClInclude>
    <ClInclude Include="airdcpp\UploadBundle.h">
      <Filter>Header Files</Filter>
    </ClInclude>
    <ClInclude Include="airdcpp\ShareScannerManager.h">
      <Filter>Header Files</Filter>
    </ClInclude>
    <ClInclude Include="airdcpp\AutosearchManagerListener.h">
      <Filter>Header Files</Filter>
    </ClInclude>
    <ClInclude Include="airdcpp\AutoSearchManager.h">
      <Filter>Header Files</Filter>
    </ClInclude>
    <ClInclude Include="airdcpp\GetSet.h">
      <Filter>Header Files</Filter>
    </ClInclude>
    <ClInclude Include="airdcpp\MerkleTreeOutputStream.h">
      <Filter>Header Files</Filter>
    </ClInclude>
    <ClInclude Include="airdcpp\FileReader.h">
      <Filter>Header Files</Filter>
    </ClInclude>
    <ClInclude Include="airdcpp\BundleQueue.h">
      <Filter>Header Files</Filter>
    </ClInclude>
    <ClInclude Include="airdcpp\UserQueue.h">
      <Filter>Header Files</Filter>
    </ClInclude>
    <ClInclude Include="airdcpp\FileQueue.h">
      <Filter>Header Files</Filter>
    </ClInclude>
    <ClInclude Include="airdcpp\WebShortcuts.h">
      <Filter>Header Files</Filter>
    </ClInclude>
    <ClInclude Include="airdcpp\Mapper_NATPMP.h">
      <Filter>Header Files</Filter>
    </ClInclude>
    <ClInclude Include="airdcpp\Mapper_WinUPnP.h">
      <Filter>Header Files</Filter>
    </ClInclude>
    <ClInclude Include="airdcpp\Mapper_MiniUPnPc.h">
      <Filter>Header Files</Filter>
    </ClInclude>
    <ClInclude Include="airdcpp\GeoManager.h">
      <Filter>Header Files</Filter>
    </ClInclude>
    <ClInclude Include="airdcpp\HttpConnection.h">
      <Filter>Header Files</Filter>
    </ClInclude>
    <ClInclude Include="airdcpp\HttpDownload.h">
      <Filter>Header Files</Filter>
    </ClInclude>
    <ClInclude Include="airdcpp\LogManagerListener.h">
      <Filter>Header Files</Filter>
    </ClInclude>
    <ClInclude Include="airdcpp\HttpConnectionListener.h">
      <Filter>Header Files</Filter>
    </ClInclude>
    <ClInclude Include="airdcpp\format.h">
      <Filter>Header Files</Filter>
    </ClInclude>
    <ClInclude Include="airdcpp\GeoIP.h">
      <Filter>Header Files</Filter>
    </ClInclude>
    <ClInclude Include="airdcpp\Magnet.h">
      <Filter>Header Files</Filter>
    </ClInclude>
    <ClInclude Include="airdcpp\TargetUtil.h">
      <Filter>Header Files</Filter>
    </ClInclude>
    <ClInclude Include="airdcpp\Localization.h">
      <Filter>Header Files</Filter>
    </ClInclude>
    <ClInclude Include="airdcpp\ShareProfile.h">
      <Filter>Header Files</Filter>
    </ClInclude>
    <ClInclude Include="airdcpp\DirectoryListingManager.h">
      <Filter>Header Files</Filter>
    </ClInclude>
    <ClInclude Include="airdcpp\DirectoryListingManagerListener.h">
      <Filter>Header Files</Filter>
    </ClInclude>
    <ClInclude Include="airdcpp\DirectoryListingListener.h">
      <Filter>Header Files</Filter>
    </ClInclude>
    <ClInclude Include="airdcpp\StringMatch.h">
      <Filter>Header Files</Filter>
    </ClInclude>
    <ClInclude Include="airdcpp\DelayedEvents.h">
      <Filter>Header Files</Filter>
    </ClInclude>
    <ClInclude Include="airdcpp\UpdateManager.h">
      <Filter>Header Files</Filter>
    </ClInclude>
    <ClInclude Include="airdcpp\UpdateManagerListener.h">
      <Filter>Header Files</Filter>
    </ClInclude>
    <ClInclude Include="airdcpp\HashCalc.h">
      <Filter>Header Files</Filter>
    </ClInclude>
    <ClInclude Include="airdcpp\ZipFile.h">
      <Filter>Header Files</Filter>
    </ClInclude>
    <ClInclude Include="airdcpp\pubkey.h">
      <Filter>Header Files</Filter>
    </ClInclude>
    <ClInclude Include="airdcpp\Updater.h">
      <Filter>Header Files</Filter>
    </ClInclude>
    <ClInclude Include="airdcpp\Search.h">
      <Filter>Header Files</Filter>
    </ClInclude>
    <ClInclude Include="airdcpp\ThrottleManager.h">
      <Filter>Header Files</Filter>
    </ClInclude>
    <ClInclude Include="airdcpp\UDPServer.h">
      <Filter>Header Files</Filter>
    </ClInclude>
    <ClInclude Include="airdcpp\HubSettings.h">
      <Filter>Header Files</Filter>
    </ClInclude>
    <ClInclude Include="airdcpp\tribool.h">
      <Filter>Header Files</Filter>
    </ClInclude>
    <ClInclude Include="airdcpp\QueueItemBase.h">
      <Filter>Header Files</Filter>
    </ClInclude>
    <ClInclude Include="airdcpp\HashedFile.h">
      <Filter>Header Files</Filter>
    </ClInclude>
    <ClInclude Include="airdcpp\SortedVector.h">
      <Filter>Header Files</Filter>
    </ClInclude>
    <ClInclude Include="airdcpp\concurrency.h">
      <Filter>Header Files</Filter>
    </ClInclude>
    <ClInclude Include="airdcpp\DbHandler.h">
      <Filter>Header Files</Filter>
    </ClInclude>
    <ClInclude Include="airdcpp\LevelDB.h">
      <Filter>Header Files</Filter>
    </ClInclude>
    <ClInclude Include="airdcpp\SettingItem.h">
      <Filter>Header Files</Filter>
    </ClInclude>
    <ClInclude Include="airdcpp\DualString.h">
      <Filter>Header Files</Filter>
    </ClInclude>
    <ClInclude Include="airdcpp\DirectoryMonitor.h">
      <Filter>Header Files</Filter>
    </ClInclude>
    <ClInclude Include="airdcpp\DirectoryMonitorListener.h">
      <Filter>Header Files</Filter>
    </ClInclude>
    <ClInclude Include="airdcpp\HighlightManager.h">
      <Filter>Header Files</Filter>
    </ClInclude>
    <ClInclude Include="airdcpp\ColorSettings.h">
      <Filter>Header Files</Filter>
    </ClInclude>
    <ClInclude Include="airdcpp\AutoSearch.h">
      <Filter>Header Files</Filter>
    </ClInclude>
    <ClInclude Include="airdcpp\SettingHolder.h">
      <Filter>Header Files</Filter>
    </ClInclude>
    <ClInclude Include="airdcpp\CriticalSection.h">
      <Filter>Header Files</Filter>
    </ClInclude>
    <ClInclude Include="airdcpp\DispatcherQueue.h">
      <Filter>Header Files</Filter>
    </ClInclude>
    <ClInclude Include="airdcpp\OfflineUser.h">
      <Filter>Header Files</Filter>
    </ClInclude>
    <ClInclude Include="airdcpp\SearchQuery.h">
      <Filter>Header Files</Filter>
    </ClInclude>
    <ClInclude Include="airdcpp\PrioritySearchQueue.h">
      <Filter>Header Files</Filter>
    </ClInclude>
    <ClInclude Include="airdcpp\ShareManagerListener.h">
      <Filter>Header Files</Filter>
    </ClInclude>
    <ClInclude Include="airdcpp\ConnectionType.h">
      <Filter>Header Files</Filter>
    </ClInclude>
    <ClInclude Include="airdcpp\MessageManager.h">
      <Filter>Header Files</Filter>
    </ClInclude>
    <ClInclude Include="airdcpp\MessageManagerListener.h">
      <Filter>Header Files</Filter>
    </ClInclude>
    <ClInclude Include="airdcpp\PrivateChat.h">
      <Filter>Header Files</Filter>
    </ClInclude>
    <ClInclude Include="airdcpp\PrivateChatListener.h">
      <Filter>Header Files</Filter>
    </ClInclude>
    <ClInclude Include="airdcpp\AutoSearchQueue.h">
      <Filter>Header Files</Filter>
    </ClInclude>
    <ClInclude Include="airdcpp\RelevancySearch.h">
      <Filter>Header Files</Filter>
    </ClInclude>
    <ClInclude Include="airdcpp\Message.h">
      <Filter>Header Files</Filter>
    </ClInclude>
    <ClInclude Include="airdcpp\MessageCache.h">
      <Filter>Header Files</Filter>
    </ClInclude>
    <ClInclude Include="airdcpp\ShareDirectoryInfo.h">
      <Filter>Header Files</Filter>
    </ClInclude>
    <ClInclude Include="airdcpp\TrackableDownloadItem.h">
      <Filter>Header Files</Filter>
    </ClInclude>
    <ClInclude Include="airdcpp\ViewFileManager.h">
      <Filter>Header Files</Filter>
    </ClInclude>
    <ClInclude Include="airdcpp\ViewFile.h">
      <Filter>Header Files</Filter>
    </ClInclude>
    <ClInclude Include="airdcpp\ViewFileManagerListener.h">
      <Filter>Header Files</Filter>
    </ClInclude>
    <ClInclude Include="airdcpp\ActivityManager.h">
      <Filter>Header Files</Filter>
    </ClInclude>
    <ClInclude Include="airdcpp\DirectSearch.h">
      <Filter>Header Files</Filter>
    </ClInclude>
  </ItemGroup>
  <ItemGroup>
    <CustomBuild Include="airdcpp\StringDefs.h">
      <Filter>Header Files</Filter>
    </CustomBuild>
  </ItemGroup>
</Project>