<?xml version="1.0" encoding="utf-8"?>
<Project ToolsVersion="4.0" xmlns="http://schemas.microsoft.com/developer/msbuild/2003">
  <ItemGroup>
    <Filter Include="Source Files">
      <UniqueIdentifier>{4FC737F1-C7A5-4376-A066-2A32D752A2FF}</UniqueIdentifier>
      <Extensions>cpp;c;cc;cxx;def;odl;idl;hpj;bat;asm;asmx</Extensions>
    </Filter>
    <Filter Include="Header Files">
      <UniqueIdentifier>{93995380-89BD-4b04-88EB-625FBE52EBFB}</UniqueIdentifier>
      <Extensions>h;hh;hpp;hxx;hm;inl;inc;xsd</Extensions>
    </Filter>
    <Filter Include="Resource Files">
      <UniqueIdentifier>{67DA6AB6-F800-4c08-8B7A-83BB121AAD01}</UniqueIdentifier>
      <Extensions>rc;ico;cur;bmp;dlg;rc2;rct;bin;rgs;gif;jpg;jpeg;jpe;resx;tiff;tif;png;wav;mfcribbon-ms</Extensions>
    </Filter>
    <Filter Include="Header Files\api">
      <UniqueIdentifier>{55179297-887a-45f1-8ab0-c7ca02137262}</UniqueIdentifier>
    </Filter>
    <Filter Include="Source Files\api">
      <UniqueIdentifier>{42124d47-f9d6-4e0a-a373-e5bf399b9828}</UniqueIdentifier>
    </Filter>
    <Filter Include="Header Files\web-server">
      <UniqueIdentifier>{f9540b73-fc60-41ac-9d3e-8c10f2cd4894}</UniqueIdentifier>
    </Filter>
    <Filter Include="Source Files\web-server">
      <UniqueIdentifier>{5141af72-5b7c-4cd5-b778-ac7e37238057}</UniqueIdentifier>
    </Filter>
    <Filter Include="Header Files\api\common">
      <UniqueIdentifier>{d7237dd8-e27b-485f-98ac-faa7ed65df36}</UniqueIdentifier>
    </Filter>
    <Filter Include="Source Files\api\common">
      <UniqueIdentifier>{e3ab0a7b-cccf-4671-b2ee-93bc8be4c6b6}</UniqueIdentifier>
    </Filter>
    <Filter Include="Header Files\api\platform">
      <UniqueIdentifier>{3c300df7-df49-452f-9e77-2a7f01f17850}</UniqueIdentifier>
    </Filter>
    <Filter Include="Header Files\api\platform\windows">
      <UniqueIdentifier>{ca48c5dc-6195-48d7-a46a-baac00dedad5}</UniqueIdentifier>
    </Filter>
    <Filter Include="Source Files\api\base">
      <UniqueIdentifier>{daa663f3-8877-4548-a07e-1cd045ea1561}</UniqueIdentifier>
    </Filter>
    <Filter Include="Header Files\api\base">
      <UniqueIdentifier>{dcc50a98-6d4a-468a-b56a-bac48d4d800a}</UniqueIdentifier>
    </Filter>
    <Filter Include="Source Files\microtar">
      <UniqueIdentifier>{2d8bb1a8-bc73-479c-aae5-64a187625ce6}</UniqueIdentifier>
    </Filter>
    <Filter Include="Header Files\microtar">
      <UniqueIdentifier>{b490616b-e5c9-4b19-8f3b-43a2ab954f46}</UniqueIdentifier>
    </Filter>
  </ItemGroup>
  <ItemGroup>
    <ClInclude Include="api\QueueApi.h">
      <Filter>Header Files\api</Filter>
    </ClInclude>
    <ClInclude Include="api\SessionApi.h">
      <Filter>Header Files\api</Filter>
    </ClInclude>
    <ClInclude Include="api\SearchApi.h">
      <Filter>Header Files\api</Filter>
    </ClInclude>
    <ClInclude Include="api\SearchUtils.h">
      <Filter>Header Files\api</Filter>
    </ClInclude>
    <ClInclude Include="web-server\ApiRouter.h">
      <Filter>Header Files\web-server</Filter>
    </ClInclude>
    <ClInclude Include="web-server\FileServer.h">
      <Filter>Header Files\web-server</Filter>
    </ClInclude>
    <ClInclude Include="web-server\LazyInitWrapper.h">
      <Filter>Header Files\web-server</Filter>
    </ClInclude>
    <ClInclude Include="web-server\Session.h">
      <Filter>Header Files\web-server</Filter>
    </ClInclude>
    <ClInclude Include="web-server\Timer.h">
      <Filter>Header Files\web-server</Filter>
    </ClInclude>
    <ClInclude Include="web-server\WebServerManager.h">
      <Filter>Header Files\web-server</Filter>
    </ClInclude>
    <ClInclude Include="web-server\WebSocket.h">
      <Filter>Header Files\web-server</Filter>
    </ClInclude>
    <ClInclude Include="web-server\WebUser.h">
      <Filter>Header Files\web-server</Filter>
    </ClInclude>
    <ClInclude Include="web-server\WebUserManager.h">
      <Filter>Header Files\web-server</Filter>
    </ClInclude>
    <ClInclude Include="web-server\ApiRequest.h">
      <Filter>Header Files\web-server</Filter>
    </ClInclude>
    <ClInclude Include="api\common\Format.h">
      <Filter>Header Files\api\common</Filter>
    </ClInclude>
    <ClInclude Include="api\common\ListViewController.h">
      <Filter>Header Files\api\common</Filter>
    </ClInclude>
    <ClInclude Include="api\common\Property.h">
      <Filter>Header Files\api\common</Filter>
    </ClInclude>
    <ClInclude Include="api\common\PropertyFilter.h">
      <Filter>Header Files\api\common</Filter>
    </ClInclude>
    <ClInclude Include="api\common\Serializer.h">
      <Filter>Header Files\api\common</Filter>
    </ClInclude>
    <ClInclude Include="api\common\Deserializer.h">
      <Filter>Header Files\api\common</Filter>
    </ClInclude>
    <ClInclude Include="api\TransferApi.h">
      <Filter>Header Files\api</Filter>
    </ClInclude>
    <ClInclude Include="api\FavoriteHubApi.h">
      <Filter>Header Files\api</Filter>
    </ClInclude>
    <ClInclude Include="api\FavoriteHubUtils.h">
      <Filter>Header Files\api</Filter>
    </ClInclude>
    <ClInclude Include="api\HubApi.h">
      <Filter>Header Files\api</Filter>
    </ClInclude>
    <ClInclude Include="api\ShareApi.h">
      <Filter>Header Files\api</Filter>
    </ClInclude>
    <ClInclude Include="api\HistoryApi.h">
      <Filter>Header Files\api</Filter>
    </ClInclude>
    <ClInclude Include="web-server\JsonUtil.h">
      <Filter>Header Files\web-server</Filter>
    </ClInclude>
    <ClInclude Include="web-server\Exception.h">
      <Filter>Header Files\web-server</Filter>
    </ClInclude>
    <ClInclude Include="api\FavoriteDirectoryApi.h">
      <Filter>Header Files\api</Filter>
    </ClInclude>
    <ClInclude Include="api\FilelistUtils.h">
      <Filter>Header Files\api</Filter>
    </ClInclude>
    <ClInclude Include="api\FilelistApi.h">
      <Filter>Header Files\api</Filter>
    </ClInclude>
    <ClInclude Include="api\FilelistInfo.h">
      <Filter>Header Files\api</Filter>
    </ClInclude>
    <ClInclude Include="api\PrivateChatInfo.h">
      <Filter>Header Files\api</Filter>
    </ClInclude>
    <ClInclude Include="web-server\SessionListener.h">
      <Filter>Header Files\web-server</Filter>
    </ClInclude>
    <ClInclude Include="api\PrivateChatApi.h">
      <Filter>Header Files\api</Filter>
    </ClInclude>
    <ClInclude Include="api\FilesystemApi.h">
      <Filter>Header Files\api</Filter>
    </ClInclude>
    <ClInclude Include="api\HubInfo.h">
      <Filter>Header Files\api</Filter>
    </ClInclude>
    <ClInclude Include="api\OnlineUserUtils.h">
      <Filter>Header Files\api</Filter>
    </ClInclude>
    <ClInclude Include="api\platform\windows\Filesystem.h">
      <Filter>Header Files\api\platform\windows</Filter>
    </ClInclude>
    <ClInclude Include="web-server\WebServerManagerListener.h">
      <Filter>Header Files\web-server</Filter>
    </ClInclude>
    <ClInclude Include="api\CoreSettings.h">
      <Filter>Header Files\api</Filter>
    </ClInclude>
    <ClInclude Include="api\SettingApi.h">
      <Filter>Header Files\api</Filter>
    </ClInclude>
    <ClInclude Include="api\ConnectivityApi.h">
      <Filter>Header Files\api</Filter>
    </ClInclude>
    <ClInclude Include="api\SystemApi.h">
      <Filter>Header Files\api</Filter>
    </ClInclude>
    <ClInclude Include="api\ShareUtils.h">
      <Filter>Header Files\api</Filter>
    </ClInclude>
    <ClInclude Include="api\ShareProfileApi.h">
      <Filter>Header Files\api</Filter>
    </ClInclude>
    <ClInclude Include="api\ShareRootApi.h">
      <Filter>Header Files\api</Filter>
    </ClInclude>
    <ClInclude Include="api\WebUserApi.h">
      <Filter>Header Files\api</Filter>
    </ClInclude>
    <ClInclude Include="web-server\WebUserManagerListener.h">
      <Filter>Header Files\web-server</Filter>
    </ClInclude>
    <ClInclude Include="api\WebUserUtils.h">
      <Filter>Header Files\api</Filter>
    </ClInclude>
    <ClInclude Include="web-server\Access.h">
      <Filter>Header Files\web-server</Filter>
    </ClInclude>
    <ClInclude Include="api\HashApi.h">
      <Filter>Header Files\api</Filter>
    </ClInclude>
    <ClInclude Include="api\common\ChatController.h">
      <Filter>Header Files\api\common</Filter>
    </ClInclude>
    <ClInclude Include="api\ViewFileApi.h">
      <Filter>Header Files\api</Filter>
    </ClInclude>
    <ClInclude Include="api\UserApi.h">
      <Filter>Header Files\api</Filter>
    </ClInclude>
    <ClInclude Include="api\TransferUtils.h">
      <Filter>Header Files\api</Filter>
    </ClInclude>
    <ClInclude Include="api\common\ViewTasks.h">
      <Filter>Header Files\api\common</Filter>
    </ClInclude>
    <ClInclude Include="api\EventApi.h">
      <Filter>Header Files\api</Filter>
    </ClInclude>
    <ClInclude Include="api\common\FileSearchParser.h">
      <Filter>Header Files\api\common</Filter>
    </ClInclude>
    <ClInclude Include="api\QueueFileUtils.h">
      <Filter>Header Files\api</Filter>
    </ClInclude>
    <ClInclude Include="api\QueueBundleUtils.h">
      <Filter>Header Files\api</Filter>
    </ClInclude>
    <ClInclude Include="web-server\WebServerSettings.h">
      <Filter>Header Files\web-server</Filter>
    </ClInclude>
    <ClInclude Include="api\FilelistItemInfo.h">
      <Filter>Header Files\api</Filter>
    </ClInclude>
    <ClInclude Include="api\SearchEntity.h">
      <Filter>Header Files\api</Filter>
    </ClInclude>
    <ClInclude Include="web-server\version.h">
      <Filter>Header Files\web-server</Filter>
    </ClInclude>
    <ClInclude Include="api\base\HookApiModule.h">
      <Filter>Header Files\api\base</Filter>
    </ClInclude>
    <ClInclude Include="api\base\ApiModule.h">
      <Filter>Header Files\api\base</Filter>
    </ClInclude>
    <ClInclude Include="api\base\HierarchicalApiModule.h">
      <Filter>Header Files\api\base</Filter>
    </ClInclude>
    <ClInclude Include="web-server\ExtensionManager.h">
      <Filter>Header Files\web-server</Filter>
    </ClInclude>
    <ClInclude Include="api\ExtensionApi.h">
      <Filter>Header Files\api</Filter>
    </ClInclude>
    <ClInclude Include="web-server\ExtensionManagerListener.h">
      <Filter>Header Files\web-server</Filter>
    </ClInclude>
    <ClInclude Include="web-server\Extension.h">
      <Filter>Header Files\web-server</Filter>
    </ClInclude>
    <ClInclude Include="api\ExtensionInfo.h">
      <Filter>Header Files\api</Filter>
    </ClInclude>
    <ClInclude Include="web-server\ExtensionListener.h">
      <Filter>Header Files\web-server</Filter>
    </ClInclude>
    <ClInclude Include="api\common\SettingUtils.h">
      <Filter>Header Files\api\common</Filter>
    </ClInclude>
    <ClInclude Include="web-server\SystemUtil.h">
      <Filter>Header Files\web-server</Filter>
    </ClInclude>
    <ClInclude Include="web-server\TarFile.h">
      <Filter>Header Files\web-server</Filter>
    </ClInclude>
    <ClInclude Include="microtar\microtar.h">
      <Filter>Header Files\microtar</Filter>
    </ClInclude>
    <ClInclude Include="stdinc.h">
      <Filter>Header Files</Filter>
    </ClInclude>
    <ClInclude Include="web-server\HttpUtil.h">
      <Filter>Header Files\web-server</Filter>
    </ClInclude>
    <ClInclude Include="api\MenuApi.h">
      <Filter>Header Files\api</Filter>
    </ClInclude>
    <ClInclude Include="web-server\ContextMenuManager.h">
      <Filter>Header Files\web-server</Filter>
    </ClInclude>
    <ClInclude Include="api\common\MessageUtils.h">
      <Filter>Header Files\api\common</Filter>
    </ClInclude>
    <ClInclude Include="web-server\ApiSettingItem.h">
      <Filter>Header Files\web-server</Filter>
    </ClInclude>
    <ClInclude Include="web-server\NpmRepository.h">
      <Filter>Header Files\web-server</Filter>
    </ClInclude>
    <ClInclude Include="forward.h">
      <Filter>Header Files</Filter>
    </ClInclude>
    <ClInclude Include="json.h">
      <Filter>Header Files</Filter>
    </ClInclude>
    <ClInclude Include="api\common\Validation.h">
      <Filter>Header Files\api\common</Filter>
    </ClInclude>
  </ItemGroup>
  <ItemGroup>
    <ClCompile Include="api\QueueApi.cpp">
      <Filter>Source Files\api</Filter>
    </ClCompile>
    <ClCompile Include="api\SessionApi.cpp">
      <Filter>Source Files\api</Filter>
    </ClCompile>
    <ClCompile Include="api\SearchApi.cpp">
      <Filter>Source Files\api</Filter>
    </ClCompile>
    <ClCompile Include="api\SearchUtils.cpp">
      <Filter>Source Files\api</Filter>
    </ClCompile>
    <ClCompile Include="web-server\ApiRequest.cpp">
      <Filter>Source Files\web-server</Filter>
    </ClCompile>
    <ClCompile Include="web-server\ApiRouter.cpp">
      <Filter>Source Files\web-server</Filter>
    </ClCompile>
    <ClCompile Include="web-server\FileServer.cpp">
      <Filter>Source Files\web-server</Filter>
    </ClCompile>
    <ClCompile Include="web-server\Session.cpp">
      <Filter>Source Files\web-server</Filter>
    </ClCompile>
    <ClCompile Include="web-server\WebServerManager.cpp">
      <Filter>Source Files\web-server</Filter>
    </ClCompile>
    <ClCompile Include="web-server\WebSocket.cpp">
      <Filter>Source Files\web-server</Filter>
    </ClCompile>
    <ClCompile Include="web-server\WebUserManager.cpp">
      <Filter>Source Files\web-server</Filter>
    </ClCompile>
    <ClCompile Include="api\common\Deserializer.cpp">
      <Filter>Source Files\api\common</Filter>
    </ClCompile>
    <ClCompile Include="api\common\Format.cpp">
      <Filter>Source Files\api\common</Filter>
    </ClCompile>
    <ClCompile Include="api\common\PropertyFilter.cpp">
      <Filter>Source Files\api\common</Filter>
    </ClCompile>
    <ClCompile Include="api\common\Serializer.cpp">
      <Filter>Source Files\api\common</Filter>
    </ClCompile>
    <ClCompile Include="api\TransferApi.cpp">
      <Filter>Source Files\api</Filter>
    </ClCompile>
    <ClCompile Include="api\FavoriteHubApi.cpp">
      <Filter>Source Files\api</Filter>
    </ClCompile>
    <ClCompile Include="api\FavoriteHubUtils.cpp">
      <Filter>Source Files\api</Filter>
    </ClCompile>
    <ClCompile Include="api\HubApi.cpp">
      <Filter>Source Files\api</Filter>
    </ClCompile>
    <ClCompile Include="api\ShareApi.cpp">
      <Filter>Source Files\api</Filter>
    </ClCompile>
    <ClCompile Include="api\HistoryApi.cpp">
      <Filter>Source Files\api</Filter>
    </ClCompile>
    <ClCompile Include="web-server\JsonUtil.cpp">
      <Filter>Source Files\web-server</Filter>
    </ClCompile>
    <ClCompile Include="api\FavoriteDirectoryApi.cpp">
      <Filter>Source Files\api</Filter>
    </ClCompile>
    <ClCompile Include="api\FilelistUtils.cpp">
      <Filter>Source Files\api</Filter>
    </ClCompile>
    <ClCompile Include="api\FilelistApi.cpp">
      <Filter>Source Files\api</Filter>
    </ClCompile>
    <ClCompile Include="api\FilelistInfo.cpp">
      <Filter>Source Files\api</Filter>
    </ClCompile>
    <ClCompile Include="api\PrivateChatInfo.cpp">
      <Filter>Source Files\api</Filter>
    </ClCompile>
    <ClCompile Include="api\PrivateChatApi.cpp">
      <Filter>Source Files\api</Filter>
    </ClCompile>
    <ClCompile Include="api\FilesystemApi.cpp">
      <Filter>Source Files\api</Filter>
    </ClCompile>
    <ClCompile Include="api\HubInfo.cpp">
      <Filter>Source Files\api</Filter>
    </ClCompile>
    <ClCompile Include="api\OnlineUserUtils.cpp">
      <Filter>Source Files\api</Filter>
    </ClCompile>
    <ClCompile Include="api\SettingApi.cpp">
      <Filter>Source Files\api</Filter>
    </ClCompile>
    <ClCompile Include="api\ConnectivityApi.cpp">
      <Filter>Source Files\api</Filter>
    </ClCompile>
    <ClCompile Include="api\SystemApi.cpp">
      <Filter>Source Files\api</Filter>
    </ClCompile>
    <ClCompile Include="api\ShareUtils.cpp">
      <Filter>Source Files\api</Filter>
    </ClCompile>
    <ClCompile Include="api\ShareProfileApi.cpp">
      <Filter>Source Files\api</Filter>
    </ClCompile>
    <ClCompile Include="api\ShareRootApi.cpp">
      <Filter>Source Files\api</Filter>
    </ClCompile>
    <ClCompile Include="api\WebUserApi.cpp">
      <Filter>Source Files\api</Filter>
    </ClCompile>
    <ClCompile Include="api\WebUserUtils.cpp">
      <Filter>Source Files\api</Filter>
    </ClCompile>
    <ClCompile Include="web-server\WebUser.cpp">
      <Filter>Source Files\web-server</Filter>
    </ClCompile>
    <ClCompile Include="api\HashApi.cpp">
      <Filter>Source Files\api</Filter>
    </ClCompile>
    <ClCompile Include="api\ViewFileApi.cpp">
      <Filter>Source Files\api</Filter>
    </ClCompile>
    <ClCompile Include="api\UserApi.cpp">
      <Filter>Source Files\api</Filter>
    </ClCompile>
    <ClCompile Include="api\TransferUtils.cpp">
      <Filter>Source Files\api</Filter>
    </ClCompile>
    <ClCompile Include="api\EventApi.cpp">
      <Filter>Source Files\api</Filter>
    </ClCompile>
    <ClCompile Include="api\common\FileSearchParser.cpp">
      <Filter>Source Files\api\common</Filter>
    </ClCompile>
    <ClCompile Include="api\QueueFileUtils.cpp">
      <Filter>Source Files\api</Filter>
    </ClCompile>
    <ClCompile Include="api\QueueBundleUtils.cpp">
      <Filter>Source Files\api</Filter>
    </ClCompile>
    <ClCompile Include="api\FilelistItemInfo.cpp">
      <Filter>Source Files\api</Filter>
    </ClCompile>
    <ClCompile Include="api\SearchEntity.cpp">
      <Filter>Source Files\api</Filter>
    </ClCompile>
    <ClCompile Include="api\base\HookApiModule.cpp">
      <Filter>Source Files\api\base</Filter>
    </ClCompile>
    <ClCompile Include="api\base\ApiModule.cpp">
      <Filter>Source Files\api\base</Filter>
    </ClCompile>
    <ClCompile Include="web-server\ExtensionManager.cpp">
      <Filter>Source Files\web-server</Filter>
    </ClCompile>
    <ClCompile Include="api\ExtensionApi.cpp">
      <Filter>Source Files\api</Filter>
    </ClCompile>
    <ClCompile Include="web-server\Extension.cpp">
      <Filter>Source Files\web-server</Filter>
    </ClCompile>
    <ClCompile Include="api\ExtensionInfo.cpp">
      <Filter>Source Files\api</Filter>
    </ClCompile>
    <ClCompile Include="api\common\SettingUtils.cpp">
      <Filter>Source Files\api\common</Filter>
    </ClCompile>
    <ClCompile Include="web-server\SystemUtil.cpp">
      <Filter>Source Files\web-server</Filter>
    </ClCompile>
    <ClCompile Include="web-server\TarFile.cpp">
      <Filter>Source Files\web-server</Filter>
    </ClCompile>
    <ClCompile Include="microtar\microtar.c">
      <Filter>Source Files\microtar</Filter>
    </ClCompile>
    <ClCompile Include="stdinc.cpp">
      <Filter>Source Files</Filter>
    </ClCompile>
    <ClCompile Include="web-server\WebServerSettings.cpp">
      <Filter>Source Files\web-server</Filter>
    </ClCompile>
    <ClCompile Include="web-server\HttpUtil.cpp">
      <Filter>Source Files\web-server</Filter>
    </ClCompile>
    <ClCompile Include="api\MenuApi.cpp">
      <Filter>Source Files\api</Filter>
    </ClCompile>
    <ClCompile Include="web-server\ContextMenuManager.cpp">
      <Filter>Source Files\web-server</Filter>
    </ClCompile>
    <ClCompile Include="api\common\MessageUtils.cpp">
      <Filter>Source Files\api\common</Filter>
    </ClCompile>
    <ClCompile Include="web-server\ApiSettingItem.cpp">
      <Filter>Source Files\web-server</Filter>
    </ClCompile>
    <ClCompile Include="web-server\NpmRepository.cpp">
      <Filter>Source Files\web-server</Filter>
    </ClCompile>
    <ClCompile Include="api\common\Validation.cpp">
      <Filter>Source Files\api\common</Filter>
    </ClCompile>
  </ItemGroup>
</Project>